PODS:
  - DropDown (2.3.13)
  - IQKeyboardManagerSwift (6.5.8)
  - Kingfisher (7.1.1)
  - NMapsMap (3.14.0)
  - Realm (10.19.0):
    - Realm/Headers (= 10.19.0)
  - Realm/Headers (10.19.0)
  - RealmSwift (10.19.0):
    - Realm (= 10.19.0)
  - RxCocoa (6.5.0):
    - RxRelay (= 6.5.0)
    - RxSwift (= 6.5.0)
  - RxRelay (6.5.0):
    - RxSwift (= 6.5.0)
  - RxSwift (6.5.0)

DEPENDENCIES:
  - DropDown
  - IQKeyboardManagerSwift
  - Kingfisher
  - NMapsMap
  - RealmSwift
  - RxCocoa (= 6.5.0)
  - RxSwift (= 6.5.0)

SPEC REPOS:
  trunk:
    - DropDown
    - IQKeyboardManagerSwift
    - Kingfisher
    - NMapsMap
    - Realm
    - RealmSwift
    - RxCocoa
    - RxRelay
    - RxSwift

SPEC CHECKSUMS:
  DropDown: 8a2116376c1981888557f72ec2ffc9a5e0e456ec
  IQKeyboardManagerSwift: 8139150a3c90a915a413d72a8a3e8634c2d3278b
  Kingfisher: f738f9c4a3415823b8e2985d10aa2d6a9f37bc4d
  NMapsMap: 61c2abfc409bbcdc91583ccc455a5b6f64c7414e
  Realm: 869ab2a7e3bdfa6bf06d8723251539f504e6f602
  RealmSwift: f1f51c4a02fe826e5cea623b5441992f06bdc942
  RxCocoa: 94f817b71c07517321eb4f9ad299112ca8af743b
  RxRelay: 1de1523e604c72b6c68feadedd1af3b1b4d0ecbd
  RxSwift: 5710a9e6b17f3c3d6e40d6e559b9fa1e813b2ef8

PODFILE CHECKSUM: 320567b3ea2573ae0f2b17c55a760738db2eab36

COCOAPODS: 1.11.2
