// !$*UTF8*$!
{
	archiveVersion = 1;
	classes = {
	};
	objectVersion = 55;
	objects = {

/* Begin PBXBuildFile section */
		2425FB8127F810A00062E597 /* Announcemnet.swift in Sources */ = {isa = PBXBuildFile; fileRef = 2425FB8027F810A00062E597 /* Announcemnet.swift */; };
		2425FB8727F811C40062E597 /* AnnouncementTableViewCell.swift in Sources */ = {isa = PBXBuildFile; fileRef = 2425FB8527F811C40062E597 /* AnnouncementTableViewCell.swift */; };
		2425FB8A27F93A5C0062E597 /* AnnouncementService.swift in Sources */ = {isa = PBXBuildFile; fileRef = 2425FB8927F93A5C0062E597 /* AnnouncementService.swift */; };
		2425FB8C27F949520062E597 /* MainSubMenuViewController.swift in Sources */ = {isa = PBXBuildFile; fileRef = 2425FB8B27F949520062E597 /* MainSubMenuViewController.swift */; };
		2425FB8F27FB62090062E597 /* CustomerMainViewController.swift in Sources */ = {isa = PBXBuildFile; fileRef = 2425FB8E27FB62090062E597 /* CustomerMainViewController.swift */; };
		2425FB9127FB62600062E597 /* CustomerNav.storyboard in Resources */ = {isa = PBXBuildFile; fileRef = 2425FB9027FB62600062E597 /* CustomerNav.storyboard */; };
		2425FB9327FB76CC0062E597 /* CustomerNoticeListViewController.swift in Sources */ = {isa = PBXBuildFile; fileRef = 2425FB9227FB76CC0062E597 /* CustomerNoticeListViewController.swift */; };
		2425FB9527FB7B540062E597 /* CustomerNoticeListTableViewCell.swift in Sources */ = {isa = PBXBuildFile; fileRef = 2425FB9427FB7B540062E597 /* CustomerNoticeListTableViewCell.swift */; };
		2425FB9B27FFABD50062E597 /* AnnouncementListViewModel.swift in Sources */ = {isa = PBXBuildFile; fileRef = 2425FB9A27FFABD50062E597 /* AnnouncementListViewModel.swift */; };
		2425FB9D27FFDFA20062E597 /* NoticeDetailViewController.swift in Sources */ = {isa = PBXBuildFile; fileRef = 2425FB9C27FFDFA20062E597 /* NoticeDetailViewController.swift */; };
		24455B0E280C1C9D00D23358 /* ObituaryListTableViewCell.swift in Sources */ = {isa = PBXBuildFile; fileRef = 24455B0C280C1C9D00D23358 /* ObituaryListTableViewCell.swift */; };
		24455B0F280C1C9D00D23358 /* ObituaryListTableViewCell.xib in Resources */ = {isa = PBXBuildFile; fileRef = 24455B0D280C1C9D00D23358 /* ObituaryListTableViewCell.xib */; };
		24455B11280C217100D23358 /* ObituaryListViewController.swift in Sources */ = {isa = PBXBuildFile; fileRef = 24455B10280C217100D23358 /* ObituaryListViewController.swift */; };
		24455B13280C8AFF00D23358 /* CondoleMessageListViewController.swift in Sources */ = {isa = PBXBuildFile; fileRef = 24455B12280C8AFF00D23358 /* CondoleMessageListViewController.swift */; };
		24455B16280C8B7200D23358 /* CondoleMessageListTableViewCell.swift in Sources */ = {isa = PBXBuildFile; fileRef = 24455B14280C8B7200D23358 /* CondoleMessageListTableViewCell.swift */; };
		24455B17280C8B7200D23358 /* CondoleMessageListTableViewCell.xib in Resources */ = {isa = PBXBuildFile; fileRef = 24455B15280C8B7200D23358 /* CondoleMessageListTableViewCell.xib */; };
		244D43BA281F085F0034D5C7 /* ObituaryListResponse.swift in Sources */ = {isa = PBXBuildFile; fileRef = 244D43B9281F085F0034D5C7 /* ObituaryListResponse.swift */; };
		244D43BC281F099C0034D5C7 /* ObituaryListService.swift in Sources */ = {isa = PBXBuildFile; fileRef = 244D43BB281F099C0034D5C7 /* ObituaryListService.swift */; };
		244D43C0281F0BCA0034D5C7 /* ObituaryListViewModel.swift in Sources */ = {isa = PBXBuildFile; fileRef = 244D43BF281F0BCA0034D5C7 /* ObituaryListViewModel.swift */; };
		244D43DC2823487C0034D5C7 /* CondoleMessageListService.swift in Sources */ = {isa = PBXBuildFile; fileRef = 244D43DB2823487C0034D5C7 /* CondoleMessageListService.swift */; };
		244D43DE282348930034D5C7 /* CondoleMessageListResponse.swift in Sources */ = {isa = PBXBuildFile; fileRef = 244D43DD282348930034D5C7 /* CondoleMessageListResponse.swift */; };
		244D43E02824C2F70034D5C7 /* CondoleMessageListViewModel.swift in Sources */ = {isa = PBXBuildFile; fileRef = 244D43DF2824C2F70034D5C7 /* CondoleMessageListViewModel.swift */; };
		244D43E2282597E10034D5C7 /* CondoleMessageViewModel.swift in Sources */ = {isa = PBXBuildFile; fileRef = 244D43E1282597E10034D5C7 /* CondoleMessageViewModel.swift */; };
		244D43EB2826F0160034D5C7 /* DetailObituaryViewController.swift in Sources */ = {isa = PBXBuildFile; fileRef = 244D43EA2826F0160034D5C7 /* DetailObituaryViewController.swift */; };
		244D43ED2826F14E0034D5C7 /* DetailObituaryViewModel.swift in Sources */ = {isa = PBXBuildFile; fileRef = 244D43EC2826F14E0034D5C7 /* DetailObituaryViewModel.swift */; };
		244D43EF2826F1FC0034D5C7 /* DetailObituaryService.swift in Sources */ = {isa = PBXBuildFile; fileRef = 244D43EE2826F1FB0034D5C7 /* DetailObituaryService.swift */; };
		24550A892807B6B000853B58 /* SettingViewController.swift in Sources */ = {isa = PBXBuildFile; fileRef = 24550A882807B6B000853B58 /* SettingViewController.swift */; };
		24550A8B2807D0B500853B58 /* WithdrawalViewController.swift in Sources */ = {isa = PBXBuildFile; fileRef = 24550A8A2807D0B500853B58 /* WithdrawalViewController.swift */; };
		24550A8D2807D13600853B58 /* DetailInquiryViewController.swift in Sources */ = {isa = PBXBuildFile; fileRef = 24550A8C2807D13600853B58 /* DetailInquiryViewController.swift */; };
		24550A982807EEDE00853B58 /* SettingStaticTableViewCell.swift in Sources */ = {isa = PBXBuildFile; fileRef = 24550A962807EEDE00853B58 /* SettingStaticTableViewCell.swift */; };
		24550A992807EEDE00853B58 /* SettingStaticTableViewCell.xib in Resources */ = {isa = PBXBuildFile; fileRef = 24550A972807EEDE00853B58 /* SettingStaticTableViewCell.xib */; };
		24550A9C2807EEE900853B58 /* SettingSwitchTableViewCell.swift in Sources */ = {isa = PBXBuildFile; fileRef = 24550A9A2807EEE900853B58 /* SettingSwitchTableViewCell.swift */; };
		24550A9D2807EEE900853B58 /* SettingSwitchTableViewCell.xib in Resources */ = {isa = PBXBuildFile; fileRef = 24550A9B2807EEE900853B58 /* SettingSwitchTableViewCell.xib */; };
		24550AA02807FA5C00853B58 /* SettingVersionTableViewCell.swift in Sources */ = {isa = PBXBuildFile; fileRef = 24550A9E2807FA5C00853B58 /* SettingVersionTableViewCell.swift */; };
		24550AA12807FA5C00853B58 /* SettingVersionTableViewCell.xib in Resources */ = {isa = PBXBuildFile; fileRef = 24550A9F2807FA5C00853B58 /* SettingVersionTableViewCell.xib */; };
		24550AA428095FA700853B58 /* ObituaryListNav.storyboard in Resources */ = {isa = PBXBuildFile; fileRef = 24550AA328095FA700853B58 /* ObituaryListNav.storyboard */; };
		2479859F280420C700A8100C /* CommonQuestionListViewController.swift in Sources */ = {isa = PBXBuildFile; fileRef = 2479859E280420C700A8100C /* CommonQuestionListViewController.swift */; };
		247985A12804214900A8100C /* CommonQuestionTableViewCell.swift in Sources */ = {isa = PBXBuildFile; fileRef = 247985A02804214900A8100C /* CommonQuestionTableViewCell.swift */; };
		247985A3280423EB00A8100C /* AnswerTableViewCell.swift in Sources */ = {isa = PBXBuildFile; fileRef = 247985A2280423EB00A8100C /* AnswerTableViewCell.swift */; };
		247985A52805327100A8100C /* InquiryListViewController.swift in Sources */ = {isa = PBXBuildFile; fileRef = 247985A42805327100A8100C /* InquiryListViewController.swift */; };
		247985A72805330300A8100C /* InquiryListTableViewCell.swift in Sources */ = {isa = PBXBuildFile; fileRef = 247985A62805330300A8100C /* InquiryListTableViewCell.swift */; };
		247985A9280534C800A8100C /* InquiryListViewModel.swift in Sources */ = {isa = PBXBuildFile; fileRef = 247985A8280534C800A8100C /* InquiryListViewModel.swift */; };
		247985AB2805360B00A8100C /* Inquiry.swift in Sources */ = {isa = PBXBuildFile; fileRef = 247985AA2805360B00A8100C /* Inquiry.swift */; };
		247985AD2805377900A8100C /* InquiryService.swift in Sources */ = {isa = PBXBuildFile; fileRef = 247985AC2805377900A8100C /* InquiryService.swift */; };
		24CC4A9127F551CA001BDFA1 /* AppDelegate.swift in Sources */ = {isa = PBXBuildFile; fileRef = 24CC4A9027F551CA001BDFA1 /* AppDelegate.swift */; };
		24CC4A9327F551CA001BDFA1 /* SceneDelegate.swift in Sources */ = {isa = PBXBuildFile; fileRef = 24CC4A9227F551CA001BDFA1 /* SceneDelegate.swift */; };
		24CC4A9827F551CA001BDFA1 /* Main.storyboard in Resources */ = {isa = PBXBuildFile; fileRef = 24CC4A9627F551CA001BDFA1 /* Main.storyboard */; };
		24CC4A9A27F551CB001BDFA1 /* Assets.xcassets in Resources */ = {isa = PBXBuildFile; fileRef = 24CC4A9927F551CB001BDFA1 /* Assets.xcassets */; };
		24CC4A9D27F551CB001BDFA1 /* LaunchScreen.storyboard in Resources */ = {isa = PBXBuildFile; fileRef = 24CC4A9B27F551CB001BDFA1 /* LaunchScreen.storyboard */; };
		24CC4AA927F552E2001BDFA1 /* NotoSansCJKkr-Bold.otf in Resources */ = {isa = PBXBuildFile; fileRef = 24CC4AA627F552E1001BDFA1 /* NotoSansCJKkr-Bold.otf */; };
		24CC4AAA27F552E2001BDFA1 /* NotoSansCJKkr-Regular.otf in Resources */ = {isa = PBXBuildFile; fileRef = 24CC4AA727F552E1001BDFA1 /* NotoSansCJKkr-Regular.otf */; };
		24CC4AAB27F552E2001BDFA1 /* NotoSansCJKkr-Medium.otf in Resources */ = {isa = PBXBuildFile; fileRef = 24CC4AA827F552E1001BDFA1 /* NotoSansCJKkr-Medium.otf */; };
		24CC4AAE27F553CB001BDFA1 /* UIColor.swift in Sources */ = {isa = PBXBuildFile; fileRef = 24CC4AAD27F553CB001BDFA1 /* UIColor.swift */; };
		24CC4AB027F553ED001BDFA1 /* UIFont.swift in Sources */ = {isa = PBXBuildFile; fileRef = 24CC4AAF27F553ED001BDFA1 /* UIFont.swift */; };
		24CC4AB227F55565001BDFA1 /* UIDevice.swift in Sources */ = {isa = PBXBuildFile; fileRef = 24CC4AB127F55565001BDFA1 /* UIDevice.swift */; };
		24CC4AC927F571B2001BDFA1 /* AppVerification.swift in Sources */ = {isa = PBXBuildFile; fileRef = 24CC4AC827F571B1001BDFA1 /* AppVerification.swift */; };
		24CC4ACB27F571B7001BDFA1 /* AppPolicy.swift in Sources */ = {isa = PBXBuildFile; fileRef = 24CC4ACA27F571B7001BDFA1 /* AppPolicy.swift */; };
		24CC4ACE27F5720E001BDFA1 /* NetworkMonitor.swift in Sources */ = {isa = PBXBuildFile; fileRef = 24CC4ACD27F5720E001BDFA1 /* NetworkMonitor.swift */; };
		24CC4AD027F57219001BDFA1 /* JailBrokenHelper.swift in Sources */ = {isa = PBXBuildFile; fileRef = 24CC4ACF27F57219001BDFA1 /* JailBrokenHelper.swift */; };
		24CC4AD727F57458001BDFA1 /* SplashViewController.swift in Sources */ = {isa = PBXBuildFile; fileRef = 24CC4AD627F57458001BDFA1 /* SplashViewController.swift */; };
		24CC4ADD27F57605001BDFA1 /* CustomAlertViewController.swift in Sources */ = {isa = PBXBuildFile; fileRef = 24CC4ADB27F57605001BDFA1 /* CustomAlertViewController.swift */; };
		24CC4ADE27F57605001BDFA1 /* CustomAlertViewController.xib in Resources */ = {isa = PBXBuildFile; fileRef = 24CC4ADC27F57605001BDFA1 /* CustomAlertViewController.xib */; };
		24CC4AE027F5789E001BDFA1 /* UIView.swift in Sources */ = {isa = PBXBuildFile; fileRef = 24CC4ADF27F5789E001BDFA1 /* UIView.swift */; };
		24CC4AE227F579FA001BDFA1 /* UIViewController.swift in Sources */ = {isa = PBXBuildFile; fileRef = 24CC4AE127F579FA001BDFA1 /* UIViewController.swift */; };
		24CC4AE427F57B7A001BDFA1 /* Constant.swift in Sources */ = {isa = PBXBuildFile; fileRef = 24CC4AE327F57B7A001BDFA1 /* Constant.swift */; };
		24CC4AE727F5A9CA001BDFA1 /* VerificationService.swift in Sources */ = {isa = PBXBuildFile; fileRef = 24CC4AE627F5A9CA001BDFA1 /* VerificationService.swift */; };
		24CC4AE927F5A9D1001BDFA1 /* Verification.swift in Sources */ = {isa = PBXBuildFile; fileRef = 24CC4AE827F5A9D1001BDFA1 /* Verification.swift */; };
		24CC4AEB27F5B3C0001BDFA1 /* GFError.swift in Sources */ = {isa = PBXBuildFile; fileRef = 24CC4AEA27F5B3C0001BDFA1 /* GFError.swift */; };
		24CC4AED27F5BC48001BDFA1 /* PolicyService.swift in Sources */ = {isa = PBXBuildFile; fileRef = 24CC4AEC27F5BC48001BDFA1 /* PolicyService.swift */; };
		24CC4AEF27F5BC63001BDFA1 /* AllPolicy.swift in Sources */ = {isa = PBXBuildFile; fileRef = 24CC4AEE27F5BC63001BDFA1 /* AllPolicy.swift */; };
		24CC4AF127F5C1FE001BDFA1 /* HTTPMethod.swift in Sources */ = {isa = PBXBuildFile; fileRef = 24CC4AF027F5C1FE001BDFA1 /* HTTPMethod.swift */; };
		24CC4AF327F6F813001BDFA1 /* AutoLogInService.swift in Sources */ = {isa = PBXBuildFile; fileRef = 24CC4AF227F6F813001BDFA1 /* AutoLogInService.swift */; };
		24CC4AF627F6F889001BDFA1 /* AutoLogIn.swift in Sources */ = {isa = PBXBuildFile; fileRef = 24CC4AF527F6F889001BDFA1 /* AutoLogIn.swift */; };
		24CC4AFA27F6FBEA001BDFA1 /* AccessToken.swift in Sources */ = {isa = PBXBuildFile; fileRef = 24CC4AF927F6FBEA001BDFA1 /* AccessToken.swift */; };
		24CC4AFC27F700A2001BDFA1 /* PermissionViewController.swift in Sources */ = {isa = PBXBuildFile; fileRef = 24CC4AFB27F700A2001BDFA1 /* PermissionViewController.swift */; };
		24CC4AFE27F705EA001BDFA1 /* AuthViewController.swift in Sources */ = {isa = PBXBuildFile; fileRef = 24CC4AFD27F705EA001BDFA1 /* AuthViewController.swift */; };
		24CC4B0027F705F7001BDFA1 /* MainViewController.swift in Sources */ = {isa = PBXBuildFile; fileRef = 24CC4AFF27F705F7001BDFA1 /* MainViewController.swift */; };
		24CC4B0227F75E06001BDFA1 /* PrivateInfoAccessViewController.swift in Sources */ = {isa = PBXBuildFile; fileRef = 24CC4B0127F75E06001BDFA1 /* PrivateInfoAccessViewController.swift */; };
		24CC4B0427F76665001BDFA1 /* CustomCheckButton.swift in Sources */ = {isa = PBXBuildFile; fileRef = 24CC4B0327F76665001BDFA1 /* CustomCheckButton.swift */; };
		24CC4B0627F76678001BDFA1 /* CustomTextField.swift in Sources */ = {isa = PBXBuildFile; fileRef = 24CC4B0527F76678001BDFA1 /* CustomTextField.swift */; };
		24CC4B0B27F7CDE2001BDFA1 /* AuthService.swift in Sources */ = {isa = PBXBuildFile; fileRef = 24CC4B0A27F7CDE2001BDFA1 /* AuthService.swift */; };
		24CC4B0D27F7CEC9001BDFA1 /* SendAuthNumber.swift in Sources */ = {isa = PBXBuildFile; fileRef = 24CC4B0C27F7CEC9001BDFA1 /* SendAuthNumber.swift */; };
		24CC4B1127F7D7DD001BDFA1 /* LogIn.swift in Sources */ = {isa = PBXBuildFile; fileRef = 24CC4B1027F7D7DD001BDFA1 /* LogIn.swift */; };
		24CC4B1527F80330001BDFA1 /* SignUp.swift in Sources */ = {isa = PBXBuildFile; fileRef = 24CC4B1427F80330001BDFA1 /* SignUp.swift */; };
		24CC4B1927F808B9001BDFA1 /* TermService.swift in Sources */ = {isa = PBXBuildFile; fileRef = 24CC4B1827F808B9001BDFA1 /* TermService.swift */; };
		24CC4B1B27F808F8001BDFA1 /* Term.swift in Sources */ = {isa = PBXBuildFile; fileRef = 24CC4B1A27F808F8001BDFA1 /* Term.swift */; };
		24CC4B1E27F80B9B001BDFA1 /* MainNav.storyboard in Resources */ = {isa = PBXBuildFile; fileRef = 24CC4B1D27F80B9B001BDFA1 /* MainNav.storyboard */; };
		24E8206F282CE70900EC50F4 /* RegisterObituaryViewController.swift in Sources */ = {isa = PBXBuildFile; fileRef = 24E8206E282CE70900EC50F4 /* RegisterObituaryViewController.swift */; };
		24E82071282CF60000EC50F4 /* RegisterObituaryCustomTextField.swift in Sources */ = {isa = PBXBuildFile; fileRef = 24E82070282CF60000EC50F4 /* RegisterObituaryCustomTextField.swift */; };
		24E82074282D151600EC50F4 /* OrderWreathNav.storyboard in Resources */ = {isa = PBXBuildFile; fileRef = 24E82073282D151600EC50F4 /* OrderWreathNav.storyboard */; };
		24E82076282D1ED200EC50F4 /* RegisterObituaryDateView.swift in Sources */ = {isa = PBXBuildFile; fileRef = 24E82075282D1ED200EC50F4 /* RegisterObituaryDateView.swift */; };
		24E82078282DFBFB00EC50F4 /* RegisterObituaryService.swift in Sources */ = {isa = PBXBuildFile; fileRef = 24E82077282DFBFB00EC50F4 /* RegisterObituaryService.swift */; };
		24E8207A282E0DDD00EC50F4 /* ImageFile.swift in Sources */ = {isa = PBXBuildFile; fileRef = 24E82079282E0DDD00EC50F4 /* ImageFile.swift */; };
		24E8207E282E1B1000EC50F4 /* RegisterObituaryRequest.swift in Sources */ = {isa = PBXBuildFile; fileRef = 24E8207D282E1B1000EC50F4 /* RegisterObituaryRequest.swift */; };
		24E82080282E1B2C00EC50F4 /* RegisterObituaryResponse.swift in Sources */ = {isa = PBXBuildFile; fileRef = 24E8207F282E1B2C00EC50F4 /* RegisterObituaryResponse.swift */; };
		24E82082282F079100EC50F4 /* UserService.swift in Sources */ = {isa = PBXBuildFile; fileRef = 24E82081282F079100EC50F4 /* UserService.swift */; };
		24E82084282F07AD00EC50F4 /* User.swift in Sources */ = {isa = PBXBuildFile; fileRef = 24E82083282F07AD00EC50F4 /* User.swift */; };
		C5B5AD7A472A7775F082E432 /* Pods_aedo_iOS.framework in Frameworks */ = {isa = PBXBuildFile; fileRef = E5BC9416D57782C583292FF2 /* Pods_aedo_iOS.framework */; };
/* End PBXBuildFile section */

/* Begin PBXFileReference section */
		2425FB8027F810A00062E597 /* Announcemnet.swift */ = {isa = PBXFileReference; lastKnownFileType = sourcecode.swift; path = Announcemnet.swift; sourceTree = "<group>"; };
		2425FB8527F811C40062E597 /* AnnouncementTableViewCell.swift */ = {isa = PBXFileReference; lastKnownFileType = sourcecode.swift; path = AnnouncementTableViewCell.swift; sourceTree = "<group>"; };
		2425FB8927F93A5C0062E597 /* AnnouncementService.swift */ = {isa = PBXFileReference; lastKnownFileType = sourcecode.swift; path = AnnouncementService.swift; sourceTree = "<group>"; };
		2425FB8B27F949520062E597 /* MainSubMenuViewController.swift */ = {isa = PBXFileReference; lastKnownFileType = sourcecode.swift; path = MainSubMenuViewController.swift; sourceTree = "<group>"; };
		2425FB8E27FB62090062E597 /* CustomerMainViewController.swift */ = {isa = PBXFileReference; lastKnownFileType = sourcecode.swift; path = CustomerMainViewController.swift; sourceTree = "<group>"; };
		2425FB9027FB62600062E597 /* CustomerNav.storyboard */ = {isa = PBXFileReference; lastKnownFileType = file.storyboard; path = CustomerNav.storyboard; sourceTree = "<group>"; };
		2425FB9227FB76CC0062E597 /* CustomerNoticeListViewController.swift */ = {isa = PBXFileReference; lastKnownFileType = sourcecode.swift; path = CustomerNoticeListViewController.swift; sourceTree = "<group>"; };
		2425FB9427FB7B540062E597 /* CustomerNoticeListTableViewCell.swift */ = {isa = PBXFileReference; lastKnownFileType = sourcecode.swift; path = CustomerNoticeListTableViewCell.swift; sourceTree = "<group>"; };
		2425FB9A27FFABD50062E597 /* AnnouncementListViewModel.swift */ = {isa = PBXFileReference; lastKnownFileType = sourcecode.swift; name = AnnouncementListViewModel.swift; path = "aedo-iOS/CustomerNav/ViewModel/AnnouncementListViewModel.swift"; sourceTree = SOURCE_ROOT; };
		2425FB9C27FFDFA20062E597 /* NoticeDetailViewController.swift */ = {isa = PBXFileReference; lastKnownFileType = sourcecode.swift; path = NoticeDetailViewController.swift; sourceTree = "<group>"; };
		24455B0C280C1C9D00D23358 /* ObituaryListTableViewCell.swift */ = {isa = PBXFileReference; lastKnownFileType = sourcecode.swift; path = ObituaryListTableViewCell.swift; sourceTree = "<group>"; };
		24455B0D280C1C9D00D23358 /* ObituaryListTableViewCell.xib */ = {isa = PBXFileReference; lastKnownFileType = file.xib; path = ObituaryListTableViewCell.xib; sourceTree = "<group>"; };
		24455B10280C217100D23358 /* ObituaryListViewController.swift */ = {isa = PBXFileReference; lastKnownFileType = sourcecode.swift; path = ObituaryListViewController.swift; sourceTree = "<group>"; };
		24455B12280C8AFF00D23358 /* CondoleMessageListViewController.swift */ = {isa = PBXFileReference; lastKnownFileType = sourcecode.swift; path = CondoleMessageListViewController.swift; sourceTree = "<group>"; };
		24455B14280C8B7200D23358 /* CondoleMessageListTableViewCell.swift */ = {isa = PBXFileReference; lastKnownFileType = sourcecode.swift; path = CondoleMessageListTableViewCell.swift; sourceTree = "<group>"; };
		24455B15280C8B7200D23358 /* CondoleMessageListTableViewCell.xib */ = {isa = PBXFileReference; lastKnownFileType = file.xib; path = CondoleMessageListTableViewCell.xib; sourceTree = "<group>"; };
		244D43B9281F085F0034D5C7 /* ObituaryListResponse.swift */ = {isa = PBXFileReference; lastKnownFileType = sourcecode.swift; path = ObituaryListResponse.swift; sourceTree = "<group>"; };
		244D43BB281F099C0034D5C7 /* ObituaryListService.swift */ = {isa = PBXFileReference; lastKnownFileType = sourcecode.swift; path = ObituaryListService.swift; sourceTree = "<group>"; };
		244D43BF281F0BCA0034D5C7 /* ObituaryListViewModel.swift */ = {isa = PBXFileReference; lastKnownFileType = sourcecode.swift; path = ObituaryListViewModel.swift; sourceTree = "<group>"; };
		244D43DB2823487C0034D5C7 /* CondoleMessageListService.swift */ = {isa = PBXFileReference; lastKnownFileType = sourcecode.swift; path = CondoleMessageListService.swift; sourceTree = "<group>"; };
		244D43DD282348930034D5C7 /* CondoleMessageListResponse.swift */ = {isa = PBXFileReference; lastKnownFileType = sourcecode.swift; path = CondoleMessageListResponse.swift; sourceTree = "<group>"; };
		244D43DF2824C2F70034D5C7 /* CondoleMessageListViewModel.swift */ = {isa = PBXFileReference; lastKnownFileType = sourcecode.swift; path = CondoleMessageListViewModel.swift; sourceTree = "<group>"; };
		244D43E1282597E10034D5C7 /* CondoleMessageViewModel.swift */ = {isa = PBXFileReference; lastKnownFileType = sourcecode.swift; path = CondoleMessageViewModel.swift; sourceTree = "<group>"; };
		244D43EA2826F0160034D5C7 /* DetailObituaryViewController.swift */ = {isa = PBXFileReference; lastKnownFileType = sourcecode.swift; path = DetailObituaryViewController.swift; sourceTree = "<group>"; };
		244D43EC2826F14E0034D5C7 /* DetailObituaryViewModel.swift */ = {isa = PBXFileReference; lastKnownFileType = sourcecode.swift; path = DetailObituaryViewModel.swift; sourceTree = "<group>"; };
		244D43EE2826F1FB0034D5C7 /* DetailObituaryService.swift */ = {isa = PBXFileReference; lastKnownFileType = sourcecode.swift; path = DetailObituaryService.swift; sourceTree = "<group>"; };
		24550A882807B6B000853B58 /* SettingViewController.swift */ = {isa = PBXFileReference; lastKnownFileType = sourcecode.swift; path = SettingViewController.swift; sourceTree = "<group>"; };
		24550A8A2807D0B500853B58 /* WithdrawalViewController.swift */ = {isa = PBXFileReference; lastKnownFileType = sourcecode.swift; path = WithdrawalViewController.swift; sourceTree = "<group>"; };
		24550A8C2807D13600853B58 /* DetailInquiryViewController.swift */ = {isa = PBXFileReference; lastKnownFileType = sourcecode.swift; path = DetailInquiryViewController.swift; sourceTree = "<group>"; };
		24550A962807EEDE00853B58 /* SettingStaticTableViewCell.swift */ = {isa = PBXFileReference; lastKnownFileType = sourcecode.swift; path = SettingStaticTableViewCell.swift; sourceTree = "<group>"; };
		24550A972807EEDE00853B58 /* SettingStaticTableViewCell.xib */ = {isa = PBXFileReference; lastKnownFileType = file.xib; path = SettingStaticTableViewCell.xib; sourceTree = "<group>"; };
		24550A9A2807EEE900853B58 /* SettingSwitchTableViewCell.swift */ = {isa = PBXFileReference; lastKnownFileType = sourcecode.swift; path = SettingSwitchTableViewCell.swift; sourceTree = "<group>"; };
		24550A9B2807EEE900853B58 /* SettingSwitchTableViewCell.xib */ = {isa = PBXFileReference; lastKnownFileType = file.xib; path = SettingSwitchTableViewCell.xib; sourceTree = "<group>"; };
		24550A9E2807FA5C00853B58 /* SettingVersionTableViewCell.swift */ = {isa = PBXFileReference; lastKnownFileType = sourcecode.swift; path = SettingVersionTableViewCell.swift; sourceTree = "<group>"; };
		24550A9F2807FA5C00853B58 /* SettingVersionTableViewCell.xib */ = {isa = PBXFileReference; lastKnownFileType = file.xib; path = SettingVersionTableViewCell.xib; sourceTree = "<group>"; };
		24550AA328095FA700853B58 /* ObituaryListNav.storyboard */ = {isa = PBXFileReference; lastKnownFileType = file.storyboard; path = ObituaryListNav.storyboard; sourceTree = "<group>"; };
		2479859E280420C700A8100C /* CommonQuestionListViewController.swift */ = {isa = PBXFileReference; lastKnownFileType = sourcecode.swift; path = CommonQuestionListViewController.swift; sourceTree = "<group>"; };
		247985A02804214900A8100C /* CommonQuestionTableViewCell.swift */ = {isa = PBXFileReference; lastKnownFileType = sourcecode.swift; path = CommonQuestionTableViewCell.swift; sourceTree = "<group>"; };
		247985A2280423EB00A8100C /* AnswerTableViewCell.swift */ = {isa = PBXFileReference; lastKnownFileType = sourcecode.swift; path = AnswerTableViewCell.swift; sourceTree = "<group>"; };
		247985A42805327100A8100C /* InquiryListViewController.swift */ = {isa = PBXFileReference; lastKnownFileType = sourcecode.swift; path = InquiryListViewController.swift; sourceTree = "<group>"; };
		247985A62805330300A8100C /* InquiryListTableViewCell.swift */ = {isa = PBXFileReference; lastKnownFileType = sourcecode.swift; path = InquiryListTableViewCell.swift; sourceTree = "<group>"; };
		247985A8280534C800A8100C /* InquiryListViewModel.swift */ = {isa = PBXFileReference; lastKnownFileType = sourcecode.swift; path = InquiryListViewModel.swift; sourceTree = "<group>"; };
		247985AA2805360B00A8100C /* Inquiry.swift */ = {isa = PBXFileReference; lastKnownFileType = sourcecode.swift; path = Inquiry.swift; sourceTree = "<group>"; };
		247985AC2805377900A8100C /* InquiryService.swift */ = {isa = PBXFileReference; lastKnownFileType = sourcecode.swift; path = InquiryService.swift; sourceTree = "<group>"; };
		24CC4A8D27F551CA001BDFA1 /* aedo-iOS.app */ = {isa = PBXFileReference; explicitFileType = wrapper.application; includeInIndex = 0; path = "aedo-iOS.app"; sourceTree = BUILT_PRODUCTS_DIR; };
		24CC4A9027F551CA001BDFA1 /* AppDelegate.swift */ = {isa = PBXFileReference; lastKnownFileType = sourcecode.swift; path = AppDelegate.swift; sourceTree = "<group>"; };
		24CC4A9227F551CA001BDFA1 /* SceneDelegate.swift */ = {isa = PBXFileReference; lastKnownFileType = sourcecode.swift; path = SceneDelegate.swift; sourceTree = "<group>"; };
		24CC4A9727F551CA001BDFA1 /* Base */ = {isa = PBXFileReference; lastKnownFileType = file.storyboard; name = Base; path = Base.lproj/Main.storyboard; sourceTree = "<group>"; };
		24CC4A9927F551CB001BDFA1 /* Assets.xcassets */ = {isa = PBXFileReference; lastKnownFileType = folder.assetcatalog; path = Assets.xcassets; sourceTree = "<group>"; };
		24CC4A9C27F551CB001BDFA1 /* Base */ = {isa = PBXFileReference; lastKnownFileType = file.storyboard; name = Base; path = Base.lproj/LaunchScreen.storyboard; sourceTree = "<group>"; };
		24CC4A9E27F551CB001BDFA1 /* Info.plist */ = {isa = PBXFileReference; lastKnownFileType = text.plist.xml; path = Info.plist; sourceTree = "<group>"; };
		24CC4AA627F552E1001BDFA1 /* NotoSansCJKkr-Bold.otf */ = {isa = PBXFileReference; lastKnownFileType = file; path = "NotoSansCJKkr-Bold.otf"; sourceTree = "<group>"; };
		24CC4AA727F552E1001BDFA1 /* NotoSansCJKkr-Regular.otf */ = {isa = PBXFileReference; lastKnownFileType = file; path = "NotoSansCJKkr-Regular.otf"; sourceTree = "<group>"; };
		24CC4AA827F552E1001BDFA1 /* NotoSansCJKkr-Medium.otf */ = {isa = PBXFileReference; lastKnownFileType = file; path = "NotoSansCJKkr-Medium.otf"; sourceTree = "<group>"; };
		24CC4AAD27F553CB001BDFA1 /* UIColor.swift */ = {isa = PBXFileReference; lastKnownFileType = sourcecode.swift; path = UIColor.swift; sourceTree = "<group>"; };
		24CC4AAF27F553ED001BDFA1 /* UIFont.swift */ = {isa = PBXFileReference; lastKnownFileType = sourcecode.swift; path = UIFont.swift; sourceTree = "<group>"; };
		24CC4AB127F55565001BDFA1 /* UIDevice.swift */ = {isa = PBXFileReference; lastKnownFileType = sourcecode.swift; path = UIDevice.swift; sourceTree = "<group>"; };
		24CC4AC827F571B1001BDFA1 /* AppVerification.swift */ = {isa = PBXFileReference; lastKnownFileType = sourcecode.swift; path = AppVerification.swift; sourceTree = "<group>"; };
		24CC4ACA27F571B7001BDFA1 /* AppPolicy.swift */ = {isa = PBXFileReference; lastKnownFileType = sourcecode.swift; path = AppPolicy.swift; sourceTree = "<group>"; };
		24CC4ACD27F5720E001BDFA1 /* NetworkMonitor.swift */ = {isa = PBXFileReference; lastKnownFileType = sourcecode.swift; path = NetworkMonitor.swift; sourceTree = "<group>"; };
		24CC4ACF27F57219001BDFA1 /* JailBrokenHelper.swift */ = {isa = PBXFileReference; lastKnownFileType = sourcecode.swift; path = JailBrokenHelper.swift; sourceTree = "<group>"; };
		24CC4AD627F57458001BDFA1 /* SplashViewController.swift */ = {isa = PBXFileReference; lastKnownFileType = sourcecode.swift; path = SplashViewController.swift; sourceTree = "<group>"; };
		24CC4ADB27F57605001BDFA1 /* CustomAlertViewController.swift */ = {isa = PBXFileReference; lastKnownFileType = sourcecode.swift; path = CustomAlertViewController.swift; sourceTree = "<group>"; };
		24CC4ADC27F57605001BDFA1 /* CustomAlertViewController.xib */ = {isa = PBXFileReference; lastKnownFileType = file.xib; path = CustomAlertViewController.xib; sourceTree = "<group>"; };
		24CC4ADF27F5789E001BDFA1 /* UIView.swift */ = {isa = PBXFileReference; lastKnownFileType = sourcecode.swift; path = UIView.swift; sourceTree = "<group>"; };
		24CC4AE127F579FA001BDFA1 /* UIViewController.swift */ = {isa = PBXFileReference; lastKnownFileType = sourcecode.swift; path = UIViewController.swift; sourceTree = "<group>"; };
		24CC4AE327F57B7A001BDFA1 /* Constant.swift */ = {isa = PBXFileReference; lastKnownFileType = sourcecode.swift; path = Constant.swift; sourceTree = "<group>"; };
		24CC4AE627F5A9CA001BDFA1 /* VerificationService.swift */ = {isa = PBXFileReference; lastKnownFileType = sourcecode.swift; path = VerificationService.swift; sourceTree = "<group>"; };
		24CC4AE827F5A9D1001BDFA1 /* Verification.swift */ = {isa = PBXFileReference; lastKnownFileType = sourcecode.swift; path = Verification.swift; sourceTree = "<group>"; };
		24CC4AEA27F5B3C0001BDFA1 /* GFError.swift */ = {isa = PBXFileReference; lastKnownFileType = sourcecode.swift; path = GFError.swift; sourceTree = "<group>"; };
		24CC4AEC27F5BC48001BDFA1 /* PolicyService.swift */ = {isa = PBXFileReference; lastKnownFileType = sourcecode.swift; path = PolicyService.swift; sourceTree = "<group>"; };
		24CC4AEE27F5BC63001BDFA1 /* AllPolicy.swift */ = {isa = PBXFileReference; lastKnownFileType = sourcecode.swift; path = AllPolicy.swift; sourceTree = "<group>"; };
		24CC4AF027F5C1FE001BDFA1 /* HTTPMethod.swift */ = {isa = PBXFileReference; lastKnownFileType = sourcecode.swift; path = HTTPMethod.swift; sourceTree = "<group>"; };
		24CC4AF227F6F813001BDFA1 /* AutoLogInService.swift */ = {isa = PBXFileReference; lastKnownFileType = sourcecode.swift; path = AutoLogInService.swift; sourceTree = "<group>"; };
		24CC4AF527F6F889001BDFA1 /* AutoLogIn.swift */ = {isa = PBXFileReference; lastKnownFileType = sourcecode.swift; path = AutoLogIn.swift; sourceTree = "<group>"; };
		24CC4AF927F6FBEA001BDFA1 /* AccessToken.swift */ = {isa = PBXFileReference; lastKnownFileType = sourcecode.swift; path = AccessToken.swift; sourceTree = "<group>"; };
		24CC4AFB27F700A2001BDFA1 /* PermissionViewController.swift */ = {isa = PBXFileReference; lastKnownFileType = sourcecode.swift; path = PermissionViewController.swift; sourceTree = "<group>"; };
		24CC4AFD27F705EA001BDFA1 /* AuthViewController.swift */ = {isa = PBXFileReference; lastKnownFileType = sourcecode.swift; path = AuthViewController.swift; sourceTree = "<group>"; };
		24CC4AFF27F705F7001BDFA1 /* MainViewController.swift */ = {isa = PBXFileReference; lastKnownFileType = sourcecode.swift; path = MainViewController.swift; sourceTree = "<group>"; };
		24CC4B0127F75E06001BDFA1 /* PrivateInfoAccessViewController.swift */ = {isa = PBXFileReference; lastKnownFileType = sourcecode.swift; path = PrivateInfoAccessViewController.swift; sourceTree = "<group>"; };
		24CC4B0327F76665001BDFA1 /* CustomCheckButton.swift */ = {isa = PBXFileReference; lastKnownFileType = sourcecode.swift; path = CustomCheckButton.swift; sourceTree = "<group>"; };
		24CC4B0527F76678001BDFA1 /* CustomTextField.swift */ = {isa = PBXFileReference; lastKnownFileType = sourcecode.swift; path = CustomTextField.swift; sourceTree = "<group>"; };
		24CC4B0A27F7CDE2001BDFA1 /* AuthService.swift */ = {isa = PBXFileReference; lastKnownFileType = sourcecode.swift; path = AuthService.swift; sourceTree = "<group>"; };
		24CC4B0C27F7CEC9001BDFA1 /* SendAuthNumber.swift */ = {isa = PBXFileReference; lastKnownFileType = sourcecode.swift; path = SendAuthNumber.swift; sourceTree = "<group>"; };
		24CC4B1027F7D7DD001BDFA1 /* LogIn.swift */ = {isa = PBXFileReference; lastKnownFileType = sourcecode.swift; path = LogIn.swift; sourceTree = "<group>"; };
		24CC4B1427F80330001BDFA1 /* SignUp.swift */ = {isa = PBXFileReference; lastKnownFileType = sourcecode.swift; path = SignUp.swift; sourceTree = "<group>"; };
		24CC4B1827F808B9001BDFA1 /* TermService.swift */ = {isa = PBXFileReference; lastKnownFileType = sourcecode.swift; path = TermService.swift; sourceTree = "<group>"; };
		24CC4B1A27F808F8001BDFA1 /* Term.swift */ = {isa = PBXFileReference; lastKnownFileType = sourcecode.swift; path = Term.swift; sourceTree = "<group>"; };
		24CC4B1D27F80B9B001BDFA1 /* MainNav.storyboard */ = {isa = PBXFileReference; lastKnownFileType = file.storyboard; path = MainNav.storyboard; sourceTree = "<group>"; };
		24E8206E282CE70900EC50F4 /* RegisterObituaryViewController.swift */ = {isa = PBXFileReference; lastKnownFileType = sourcecode.swift; path = RegisterObituaryViewController.swift; sourceTree = "<group>"; };
		24E82070282CF60000EC50F4 /* RegisterObituaryCustomTextField.swift */ = {isa = PBXFileReference; lastKnownFileType = sourcecode.swift; path = RegisterObituaryCustomTextField.swift; sourceTree = "<group>"; };
		24E82073282D151600EC50F4 /* OrderWreathNav.storyboard */ = {isa = PBXFileReference; lastKnownFileType = file.storyboard; path = OrderWreathNav.storyboard; sourceTree = "<group>"; };
		24E82075282D1ED200EC50F4 /* RegisterObituaryDateView.swift */ = {isa = PBXFileReference; lastKnownFileType = sourcecode.swift; path = RegisterObituaryDateView.swift; sourceTree = "<group>"; };
		24E82077282DFBFB00EC50F4 /* RegisterObituaryService.swift */ = {isa = PBXFileReference; lastKnownFileType = sourcecode.swift; path = RegisterObituaryService.swift; sourceTree = "<group>"; };
		24E82079282E0DDD00EC50F4 /* ImageFile.swift */ = {isa = PBXFileReference; lastKnownFileType = sourcecode.swift; path = ImageFile.swift; sourceTree = "<group>"; };
		24E8207D282E1B1000EC50F4 /* RegisterObituaryRequest.swift */ = {isa = PBXFileReference; lastKnownFileType = sourcecode.swift; path = RegisterObituaryRequest.swift; sourceTree = "<group>"; };
		24E8207F282E1B2C00EC50F4 /* RegisterObituaryResponse.swift */ = {isa = PBXFileReference; lastKnownFileType = sourcecode.swift; path = RegisterObituaryResponse.swift; sourceTree = "<group>"; };
		24E82081282F079100EC50F4 /* UserService.swift */ = {isa = PBXFileReference; lastKnownFileType = sourcecode.swift; path = UserService.swift; sourceTree = "<group>"; };
		24E82083282F07AD00EC50F4 /* User.swift */ = {isa = PBXFileReference; lastKnownFileType = sourcecode.swift; path = User.swift; sourceTree = "<group>"; };
		3CB04653FAB6734767AA1362 /* Pods-aedo-iOS.debug.xcconfig */ = {isa = PBXFileReference; includeInIndex = 1; lastKnownFileType = text.xcconfig; name = "Pods-aedo-iOS.debug.xcconfig"; path = "Target Support Files/Pods-aedo-iOS/Pods-aedo-iOS.debug.xcconfig"; sourceTree = "<group>"; };
		55F49DF30242C1A7C859A53F /* Pods-aedo-iOS.release.xcconfig */ = {isa = PBXFileReference; includeInIndex = 1; lastKnownFileType = text.xcconfig; name = "Pods-aedo-iOS.release.xcconfig"; path = "Target Support Files/Pods-aedo-iOS/Pods-aedo-iOS.release.xcconfig"; sourceTree = "<group>"; };
		E5BC9416D57782C583292FF2 /* Pods_aedo_iOS.framework */ = {isa = PBXFileReference; explicitFileType = wrapper.framework; includeInIndex = 0; path = Pods_aedo_iOS.framework; sourceTree = BUILT_PRODUCTS_DIR; };
/* End PBXFileReference section */

/* Begin PBXFrameworksBuildPhase section */
		24CC4A8A27F551CA001BDFA1 /* Frameworks */ = {
			isa = PBXFrameworksBuildPhase;
			buildActionMask = 2147483647;
			files = (
				C5B5AD7A472A7775F082E432 /* Pods_aedo_iOS.framework in Frameworks */,
			);
			runOnlyForDeploymentPostprocessing = 0;
		};
/* End PBXFrameworksBuildPhase section */

/* Begin PBXGroup section */
		042AB33250FEE12612A9A168 /* Pods */ = {
			isa = PBXGroup;
			children = (
				3CB04653FAB6734767AA1362 /* Pods-aedo-iOS.debug.xcconfig */,
				55F49DF30242C1A7C859A53F /* Pods-aedo-iOS.release.xcconfig */,
			);
			path = Pods;
			sourceTree = "<group>";
		};
		2425FB8227F811880062E597 /* CustomCells */ = {
			isa = PBXGroup;
			children = (
				2425FB8527F811C40062E597 /* AnnouncementTableViewCell.swift */,
				2425FB9427FB7B540062E597 /* CustomerNoticeListTableViewCell.swift */,
				247985A02804214900A8100C /* CommonQuestionTableViewCell.swift */,
				247985A2280423EB00A8100C /* AnswerTableViewCell.swift */,
				247985A62805330300A8100C /* InquiryListTableViewCell.swift */,
				24550A962807EEDE00853B58 /* SettingStaticTableViewCell.swift */,
				24550A972807EEDE00853B58 /* SettingStaticTableViewCell.xib */,
				24550A9A2807EEE900853B58 /* SettingSwitchTableViewCell.swift */,
				24550A9B2807EEE900853B58 /* SettingSwitchTableViewCell.xib */,
				24550A9E2807FA5C00853B58 /* SettingVersionTableViewCell.swift */,
				24550A9F2807FA5C00853B58 /* SettingVersionTableViewCell.xib */,
			);
			path = CustomCells;
			sourceTree = "<group>";
		};
		2425FB8D27FB61F80062E597 /* Customer */ = {
			isa = PBXGroup;
			children = (
				2479859E280420C700A8100C /* CommonQuestionListViewController.swift */,
				247985A42805327100A8100C /* InquiryListViewController.swift */,
				24550A8C2807D13600853B58 /* DetailInquiryViewController.swift */,
				24550A882807B6B000853B58 /* SettingViewController.swift */,
				24550A8A2807D0B500853B58 /* WithdrawalViewController.swift */,
			);
			path = Customer;
			sourceTree = "<group>";
		};
		244D43B2281F07F70034D5C7 /* ObituaryList */ = {
			isa = PBXGroup;
			children = (
				244D43B7281F082A0034D5C7 /* Cell */,
				244D43B6281F08260034D5C7 /* Networking */,
				244D43B3281F08170034D5C7 /* Model */,
				244D43B5281F08220034D5C7 /* View */,
				244D43B4281F081D0034D5C7 /* ViewModel */,
			);
			path = ObituaryList;
			sourceTree = "<group>";
		};
		244D43B3281F08170034D5C7 /* Model */ = {
			isa = PBXGroup;
			children = (
			);
			path = Model;
			sourceTree = "<group>";
		};
		244D43B4281F081D0034D5C7 /* ViewModel */ = {
			isa = PBXGroup;
			children = (
				244D43BF281F0BCA0034D5C7 /* ObituaryListViewModel.swift */,
			);
			path = ViewModel;
			sourceTree = "<group>";
		};
		244D43B5281F08220034D5C7 /* View */ = {
			isa = PBXGroup;
			children = (
				24455B10280C217100D23358 /* ObituaryListViewController.swift */,
			);
			path = View;
			sourceTree = "<group>";
		};
		244D43B6281F08260034D5C7 /* Networking */ = {
			isa = PBXGroup;
			children = (
				244D43BB281F099C0034D5C7 /* ObituaryListService.swift */,
				244D43B8281F08340034D5C7 /* Entity */,
			);
			path = Networking;
			sourceTree = "<group>";
		};
		244D43B7281F082A0034D5C7 /* Cell */ = {
			isa = PBXGroup;
			children = (
				24455B0C280C1C9D00D23358 /* ObituaryListTableViewCell.swift */,
				24455B0D280C1C9D00D23358 /* ObituaryListTableViewCell.xib */,
			);
			path = Cell;
			sourceTree = "<group>";
		};
		244D43B8281F08340034D5C7 /* Entity */ = {
			isa = PBXGroup;
			children = (
				244D43B9281F085F0034D5C7 /* ObituaryListResponse.swift */,
			);
			path = Entity;
			sourceTree = "<group>";
		};
		244D43D3282346F40034D5C7 /* CondoleMessageList */ = {
			isa = PBXGroup;
			children = (
				244D43D42823470E0034D5C7 /* Cell */,
				244D43D8282347200034D5C7 /* Networking */,
				244D43D72823471D0034D5C7 /* Model */,
				244D43D6282347190034D5C7 /* View */,
				244D43D5282347150034D5C7 /* ViewModel */,
			);
			path = CondoleMessageList;
			sourceTree = "<group>";
		};
		244D43D42823470E0034D5C7 /* Cell */ = {
			isa = PBXGroup;
			children = (
				24455B14280C8B7200D23358 /* CondoleMessageListTableViewCell.swift */,
				24455B15280C8B7200D23358 /* CondoleMessageListTableViewCell.xib */,
			);
			path = Cell;
			sourceTree = "<group>";
		};
		244D43D5282347150034D5C7 /* ViewModel */ = {
			isa = PBXGroup;
			children = (
				244D43DF2824C2F70034D5C7 /* CondoleMessageListViewModel.swift */,
				244D43E1282597E10034D5C7 /* CondoleMessageViewModel.swift */,
			);
			path = ViewModel;
			sourceTree = "<group>";
		};
		244D43D6282347190034D5C7 /* View */ = {
			isa = PBXGroup;
			children = (
				24455B12280C8AFF00D23358 /* CondoleMessageListViewController.swift */,
			);
			path = View;
			sourceTree = "<group>";
		};
		244D43D72823471D0034D5C7 /* Model */ = {
			isa = PBXGroup;
			children = (
			);
			path = Model;
			sourceTree = "<group>";
		};
		244D43D8282347200034D5C7 /* Networking */ = {
			isa = PBXGroup;
			children = (
				244D43DB2823487C0034D5C7 /* CondoleMessageListService.swift */,
				244D43D9282347280034D5C7 /* Entity */,
			);
			path = Networking;
			sourceTree = "<group>";
		};
		244D43D9282347280034D5C7 /* Entity */ = {
			isa = PBXGroup;
			children = (
				244D43DD282348930034D5C7 /* CondoleMessageListResponse.swift */,
			);
			path = Entity;
			sourceTree = "<group>";
		};
		244D43DA2823473C0034D5C7 /* ObituaryNav */ = {
			isa = PBXGroup;
			children = (
				24550AA328095FA700853B58 /* ObituaryListNav.storyboard */,
				24E82068282CE6D100EC50F4 /* RegisterObituary */,
				244D43B2281F07F70034D5C7 /* ObituaryList */,
				244D43E32826EF680034D5C7 /* DetailObituary */,
				244D43D3282346F40034D5C7 /* CondoleMessageList */,
				244D43E42826EF790034D5C7 /* WriteCondole */,
			);
			path = ObituaryNav;
			sourceTree = "<group>";
		};
		244D43E32826EF680034D5C7 /* DetailObituary */ = {
			isa = PBXGroup;
			children = (
				244D43E52826EFA20034D5C7 /* Networking */,
				244D43E72826EFAF0034D5C7 /* Model */,
				244D43E82826EFB20034D5C7 /* View */,
				244D43E92826EFB50034D5C7 /* ViewModel */,
			);
			path = DetailObituary;
			sourceTree = "<group>";
		};
		244D43E42826EF790034D5C7 /* WriteCondole */ = {
			isa = PBXGroup;
			children = (
			);
			path = WriteCondole;
			sourceTree = "<group>";
		};
		244D43E52826EFA20034D5C7 /* Networking */ = {
			isa = PBXGroup;
			children = (
				244D43EE2826F1FB0034D5C7 /* DetailObituaryService.swift */,
				244D43E62826EFA90034D5C7 /* Entity */,
			);
			path = Networking;
			sourceTree = "<group>";
		};
		244D43E62826EFA90034D5C7 /* Entity */ = {
			isa = PBXGroup;
			children = (
			);
			path = Entity;
			sourceTree = "<group>";
		};
		244D43E72826EFAF0034D5C7 /* Model */ = {
			isa = PBXGroup;
			children = (
			);
			path = Model;
			sourceTree = "<group>";
		};
		244D43E82826EFB20034D5C7 /* View */ = {
			isa = PBXGroup;
			children = (
				244D43EA2826F0160034D5C7 /* DetailObituaryViewController.swift */,
			);
			path = View;
			sourceTree = "<group>";
		};
		244D43E92826EFB50034D5C7 /* ViewModel */ = {
			isa = PBXGroup;
			children = (
				244D43EC2826F14E0034D5C7 /* DetailObituaryViewModel.swift */,
			);
			path = ViewModel;
			sourceTree = "<group>";
		};
		244D43F6282C9EEC0034D5C7 /* LoginNav */ = {
			isa = PBXGroup;
			children = (
				24CC4A9627F551CA001BDFA1 /* Main.storyboard */,
				244D4401282CA05F0034D5C7 /* Splash */,
				244D43F7282C9F300034D5C7 /* Permission */,
				244D43FC282CA00B0034D5C7 /* Auth */,
			);
			path = LoginNav;
			sourceTree = "<group>";
		};
		244D43F7282C9F300034D5C7 /* Permission */ = {
			isa = PBXGroup;
			children = (
				244D43FA282C9F500034D5C7 /* View */,
			);
			path = Permission;
			sourceTree = "<group>";
		};
		244D43FA282C9F500034D5C7 /* View */ = {
			isa = PBXGroup;
			children = (
				24CC4AFB27F700A2001BDFA1 /* PermissionViewController.swift */,
			);
			path = View;
			sourceTree = "<group>";
		};
		244D43FC282CA00B0034D5C7 /* Auth */ = {
			isa = PBXGroup;
			children = (
				244D4400282CA0200034D5C7 /* Networking */,
				244D43FF282CA01E0034D5C7 /* Model */,
				244D43FE282CA01C0034D5C7 /* View */,
				244D43FD282CA0180034D5C7 /* ViewModel */,
			);
			path = Auth;
			sourceTree = "<group>";
		};
		244D43FD282CA0180034D5C7 /* ViewModel */ = {
			isa = PBXGroup;
			children = (
			);
			path = ViewModel;
			sourceTree = "<group>";
		};
		244D43FE282CA01C0034D5C7 /* View */ = {
			isa = PBXGroup;
			children = (
				24CC4AFD27F705EA001BDFA1 /* AuthViewController.swift */,
				24CC4B0127F75E06001BDFA1 /* PrivateInfoAccessViewController.swift */,
			);
			path = View;
			sourceTree = "<group>";
		};
		244D43FF282CA01E0034D5C7 /* Model */ = {
			isa = PBXGroup;
			children = (
			);
			path = Model;
			sourceTree = "<group>";
		};
		244D4400282CA0200034D5C7 /* Networking */ = {
			isa = PBXGroup;
			children = (
				24CC4B1827F808B9001BDFA1 /* TermService.swift */,
				24CC4B0A27F7CDE2001BDFA1 /* AuthService.swift */,
				244D4407282CA27C0034D5C7 /* Entity */,
			);
			path = Networking;
			sourceTree = "<group>";
		};
		244D4401282CA05F0034D5C7 /* Splash */ = {
			isa = PBXGroup;
			children = (
				24CC4AC727F571A5001BDFA1 /* RealmDataModel */,
				244D4402282CA06E0034D5C7 /* Networking */,
				244D4403282CA07D0034D5C7 /* Model */,
				244D4404282CA0810034D5C7 /* View */,
				244D4405282CA0830034D5C7 /* ViewModel */,
			);
			path = Splash;
			sourceTree = "<group>";
		};
		244D4402282CA06E0034D5C7 /* Networking */ = {
			isa = PBXGroup;
			children = (
				24CC4AE627F5A9CA001BDFA1 /* VerificationService.swift */,
				24CC4AF227F6F813001BDFA1 /* AutoLogInService.swift */,
				24CC4AEC27F5BC48001BDFA1 /* PolicyService.swift */,
				244D4406282CA0AB0034D5C7 /* Entity */,
			);
			path = Networking;
			sourceTree = "<group>";
		};
		244D4403282CA07D0034D5C7 /* Model */ = {
			isa = PBXGroup;
			children = (
			);
			path = Model;
			sourceTree = "<group>";
		};
		244D4404282CA0810034D5C7 /* View */ = {
			isa = PBXGroup;
			children = (
				24CC4AD627F57458001BDFA1 /* SplashViewController.swift */,
			);
			path = View;
			sourceTree = "<group>";
		};
		244D4405282CA0830034D5C7 /* ViewModel */ = {
			isa = PBXGroup;
			children = (
			);
			path = ViewModel;
			sourceTree = "<group>";
		};
		244D4406282CA0AB0034D5C7 /* Entity */ = {
			isa = PBXGroup;
			children = (
				24CC4AE827F5A9D1001BDFA1 /* Verification.swift */,
				24CC4AF527F6F889001BDFA1 /* AutoLogIn.swift */,
				24CC4AEE27F5BC63001BDFA1 /* AllPolicy.swift */,
			);
			path = Entity;
			sourceTree = "<group>";
		};
		244D4407282CA27C0034D5C7 /* Entity */ = {
			isa = PBXGroup;
			children = (
				24CC4B1A27F808F8001BDFA1 /* Term.swift */,
				24CC4B1027F7D7DD001BDFA1 /* LogIn.swift */,
				24CC4B1427F80330001BDFA1 /* SignUp.swift */,
				24CC4B0C27F7CEC9001BDFA1 /* SendAuthNumber.swift */,
			);
			path = Entity;
			sourceTree = "<group>";
		};
		244D4408282CD7CA0034D5C7 /* MainNav */ = {
			isa = PBXGroup;
			children = (
				24CC4B1D27F80B9B001BDFA1 /* MainNav.storyboard */,
				244D440D282CD7F30034D5C7 /* ViewModel */,
				244D440C282CD7F00034D5C7 /* Model */,
				244D440B282CD7EB0034D5C7 /* View */,
				244D4409282CD7D90034D5C7 /* Networking */,
			);
			path = MainNav;
			sourceTree = "<group>";
		};
		244D4409282CD7D90034D5C7 /* Networking */ = {
			isa = PBXGroup;
			children = (
				24E82081282F079100EC50F4 /* UserService.swift */,
				244D440A282CD7E40034D5C7 /* Entity */,
			);
			path = Networking;
			sourceTree = "<group>";
		};
		244D440A282CD7E40034D5C7 /* Entity */ = {
			isa = PBXGroup;
			children = (
				24E82083282F07AD00EC50F4 /* User.swift */,
			);
			path = Entity;
			sourceTree = "<group>";
		};
		244D440B282CD7EB0034D5C7 /* View */ = {
			isa = PBXGroup;
			children = (
				24CC4AFF27F705F7001BDFA1 /* MainViewController.swift */,
				2425FB8B27F949520062E597 /* MainSubMenuViewController.swift */,
			);
			path = View;
			sourceTree = "<group>";
		};
		244D440C282CD7F00034D5C7 /* Model */ = {
			isa = PBXGroup;
			children = (
			);
			path = Model;
			sourceTree = "<group>";
		};
		244D440D282CD7F30034D5C7 /* ViewModel */ = {
			isa = PBXGroup;
			children = (
			);
			path = ViewModel;
			sourceTree = "<group>";
		};
		24CC4A8427F551CA001BDFA1 = {
			isa = PBXGroup;
			children = (
				24CC4A8F27F551CA001BDFA1 /* aedo-iOS */,
				24CC4A8E27F551CA001BDFA1 /* Products */,
				042AB33250FEE12612A9A168 /* Pods */,
				7C4245A03A8820329133AF7E /* Frameworks */,
			);
			sourceTree = "<group>";
		};
		24CC4A8E27F551CA001BDFA1 /* Products */ = {
			isa = PBXGroup;
			children = (
				24CC4A8D27F551CA001BDFA1 /* aedo-iOS.app */,
			);
			name = Products;
			sourceTree = "<group>";
		};
		24CC4A8F27F551CA001BDFA1 /* aedo-iOS */ = {
			isa = PBXGroup;
			children = (
				244D43F6282C9EEC0034D5C7 /* LoginNav */,
				244D4408282CD7CA0034D5C7 /* MainNav */,
				244D43DA2823473C0034D5C7 /* ObituaryNav */,
				24E82085282F1FEB00EC50F4 /* CustomerNav */,
				24E82072282D14E900EC50F4 /* OrderWreathNav */,
				24CC4ACC27F571F6001BDFA1 /* CommonClass */,
				24CC4AAC27F553BD001BDFA1 /* Extension */,
				24CC4AA527F552BC001BDFA1 /* Fonts */,
				24CC4AE527F5A98B001BDFA1 /* Services */,
				24CC4AD227F57274001BDFA1 /* Models */,
				24CC4AD327F57276001BDFA1 /* Views */,
				24CC4AD427F57279001BDFA1 /* ViewModels */,
				24CC4AA427F55215001BDFA1 /* Resources */,
				24CC4A9027F551CA001BDFA1 /* AppDelegate.swift */,
				24CC4A9227F551CA001BDFA1 /* SceneDelegate.swift */,
				24CC4A9E27F551CB001BDFA1 /* Info.plist */,
			);
			path = "aedo-iOS";
			sourceTree = "<group>";
		};
		24CC4AA427F55215001BDFA1 /* Resources */ = {
			isa = PBXGroup;
			children = (
				24CC4A9927F551CB001BDFA1 /* Assets.xcassets */,
				24CC4A9B27F551CB001BDFA1 /* LaunchScreen.storyboard */,
			);
			path = Resources;
			sourceTree = "<group>";
		};
		24CC4AA527F552BC001BDFA1 /* Fonts */ = {
			isa = PBXGroup;
			children = (
				24CC4AA627F552E1001BDFA1 /* NotoSansCJKkr-Bold.otf */,
				24CC4AA827F552E1001BDFA1 /* NotoSansCJKkr-Medium.otf */,
				24CC4AA727F552E1001BDFA1 /* NotoSansCJKkr-Regular.otf */,
			);
			path = Fonts;
			sourceTree = "<group>";
		};
		24CC4AAC27F553BD001BDFA1 /* Extension */ = {
			isa = PBXGroup;
			children = (
				24CC4AAD27F553CB001BDFA1 /* UIColor.swift */,
				24CC4AAF27F553ED001BDFA1 /* UIFont.swift */,
				24CC4AB127F55565001BDFA1 /* UIDevice.swift */,
				24CC4ADF27F5789E001BDFA1 /* UIView.swift */,
				24CC4AE127F579FA001BDFA1 /* UIViewController.swift */,
			);
			path = Extension;
			sourceTree = "<group>";
		};
		24CC4AC727F571A5001BDFA1 /* RealmDataModel */ = {
			isa = PBXGroup;
			children = (
				24CC4AC827F571B1001BDFA1 /* AppVerification.swift */,
				24CC4ACA27F571B7001BDFA1 /* AppPolicy.swift */,
			);
			path = RealmDataModel;
			sourceTree = "<group>";
		};
		24CC4ACC27F571F6001BDFA1 /* CommonClass */ = {
			isa = PBXGroup;
			children = (
				24CC4ACD27F5720E001BDFA1 /* NetworkMonitor.swift */,
				24CC4ACF27F57219001BDFA1 /* JailBrokenHelper.swift */,
				24CC4AE327F57B7A001BDFA1 /* Constant.swift */,
				24CC4AF927F6FBEA001BDFA1 /* AccessToken.swift */,
			);
			path = CommonClass;
			sourceTree = "<group>";
		};
		24CC4AD227F57274001BDFA1 /* Models */ = {
			isa = PBXGroup;
			children = (
				247985AA2805360B00A8100C /* Inquiry.swift */,
			);
			path = Models;
			sourceTree = "<group>";
		};
		24CC4AD327F57276001BDFA1 /* Views */ = {
			isa = PBXGroup;
			children = (
				2425FB8227F811880062E597 /* CustomCells */,
				24CC4B0727F76D20001BDFA1 /* CustomViews */,
				24CC4AD827F575D2001BDFA1 /* CustomAlert */,
				24CC4AD527F5728B001BDFA1 /* Controllers */,
			);
			path = Views;
			sourceTree = "<group>";
		};
		24CC4AD427F57279001BDFA1 /* ViewModels */ = {
			isa = PBXGroup;
			children = (
				247985A8280534C800A8100C /* InquiryListViewModel.swift */,
			);
			path = ViewModels;
			sourceTree = "<group>";
		};
		24CC4AD527F5728B001BDFA1 /* Controllers */ = {
			isa = PBXGroup;
			children = (
				2425FB8D27FB61F80062E597 /* Customer */,
				24CC4B1C27F80B7F001BDFA1 /* Main */,
			);
			path = Controllers;
			sourceTree = "<group>";
		};
		24CC4AD827F575D2001BDFA1 /* CustomAlert */ = {
			isa = PBXGroup;
			children = (
				24CC4ADB27F57605001BDFA1 /* CustomAlertViewController.swift */,
				24CC4ADC27F57605001BDFA1 /* CustomAlertViewController.xib */,
			);
			path = CustomAlert;
			sourceTree = "<group>";
		};
		24CC4AE527F5A98B001BDFA1 /* Services */ = {
			isa = PBXGroup;
			children = (
				24CC4AEA27F5B3C0001BDFA1 /* GFError.swift */,
				24CC4AF027F5C1FE001BDFA1 /* HTTPMethod.swift */,
				247985AC2805377900A8100C /* InquiryService.swift */,
			);
			path = Services;
			sourceTree = "<group>";
		};
		24CC4B0727F76D20001BDFA1 /* CustomViews */ = {
			isa = PBXGroup;
			children = (
				24CC4B0327F76665001BDFA1 /* CustomCheckButton.swift */,
				24CC4B0527F76678001BDFA1 /* CustomTextField.swift */,
				24E82070282CF60000EC50F4 /* RegisterObituaryCustomTextField.swift */,
				24E82075282D1ED200EC50F4 /* RegisterObituaryDateView.swift */,
			);
			path = CustomViews;
			sourceTree = "<group>";
		};
		24CC4B1C27F80B7F001BDFA1 /* Main */ = {
			isa = PBXGroup;
			children = (
			);
			path = Main;
			sourceTree = "<group>";
		};
		24E82068282CE6D100EC50F4 /* RegisterObituary */ = {
			isa = PBXGroup;
			children = (
				24E82069282CE6E300EC50F4 /* Networking */,
				24E8206D282CE6F900EC50F4 /* Model */,
				24E8206C282CE6F600EC50F4 /* View */,
				24E8206A282CE6E800EC50F4 /* ViewModel */,
			);
			path = RegisterObituary;
			sourceTree = "<group>";
		};
		24E82069282CE6E300EC50F4 /* Networking */ = {
			isa = PBXGroup;
			children = (
				24E82077282DFBFB00EC50F4 /* RegisterObituaryService.swift */,
				24E8206B282CE6E900EC50F4 /* Entity */,
			);
			path = Networking;
			sourceTree = "<group>";
		};
		24E8206A282CE6E800EC50F4 /* ViewModel */ = {
			isa = PBXGroup;
			children = (
			);
			path = ViewModel;
			sourceTree = "<group>";
		};
		24E8206B282CE6E900EC50F4 /* Entity */ = {
			isa = PBXGroup;
			children = (
				24E8207D282E1B1000EC50F4 /* RegisterObituaryRequest.swift */,
				24E8207F282E1B2C00EC50F4 /* RegisterObituaryResponse.swift */,
			);
			path = Entity;
			sourceTree = "<group>";
		};
		24E8206C282CE6F600EC50F4 /* View */ = {
			isa = PBXGroup;
			children = (
				24E8206E282CE70900EC50F4 /* RegisterObituaryViewController.swift */,
			);
			path = View;
			sourceTree = "<group>";
		};
		24E8206D282CE6F900EC50F4 /* Model */ = {
			isa = PBXGroup;
			children = (
				24E82079282E0DDD00EC50F4 /* ImageFile.swift */,
			);
			path = Model;
			sourceTree = "<group>";
		};
		24E82072282D14E900EC50F4 /* OrderWreathNav */ = {
			isa = PBXGroup;
			children = (
				24E82073282D151600EC50F4 /* OrderWreathNav.storyboard */,
			);
			path = OrderWreathNav;
			sourceTree = "<group>";
		};
		24E82085282F1FEB00EC50F4 /* CustomerNav */ = {
			isa = PBXGroup;
			children = (
				2425FB9027FB62600062E597 /* CustomerNav.storyboard */,
				24E82089282F201500EC50F4 /* Networking */,
				24E82088282F201200EC50F4 /* Model */,
				24E82087282F200E00EC50F4 /* View */,
				24E82086282F200800EC50F4 /* ViewModel */,
			);
			path = CustomerNav;
			sourceTree = "<group>";
		};
		24E82086282F200800EC50F4 /* ViewModel */ = {
			isa = PBXGroup;
			children = (
				2425FB9A27FFABD50062E597 /* AnnouncementListViewModel.swift */,
			);
			path = ViewModel;
			sourceTree = "<group>";
		};
		24E82087282F200E00EC50F4 /* View */ = {
			isa = PBXGroup;
			children = (
				2425FB9227FB76CC0062E597 /* CustomerNoticeListViewController.swift */,
				2425FB9C27FFDFA20062E597 /* NoticeDetailViewController.swift */,
				2425FB8E27FB62090062E597 /* CustomerMainViewController.swift */,
			);
			path = View;
			sourceTree = "<group>";
		};
		24E82088282F201200EC50F4 /* Model */ = {
			isa = PBXGroup;
			children = (
			);
			path = Model;
			sourceTree = "<group>";
		};
		24E82089282F201500EC50F4 /* Networking */ = {
			isa = PBXGroup;
			children = (
				2425FB8927F93A5C0062E597 /* AnnouncementService.swift */,
				24E8208A282F201800EC50F4 /* Entity */,
			);
			path = Networking;
			sourceTree = "<group>";
		};
		24E8208A282F201800EC50F4 /* Entity */ = {
			isa = PBXGroup;
			children = (
				2425FB8027F810A00062E597 /* Announcemnet.swift */,
			);
			path = Entity;
			sourceTree = "<group>";
		};
		7C4245A03A8820329133AF7E /* Frameworks */ = {
			isa = PBXGroup;
			children = (
				E5BC9416D57782C583292FF2 /* Pods_aedo_iOS.framework */,
			);
			name = Frameworks;
			sourceTree = "<group>";
		};
/* End PBXGroup section */

/* Begin PBXNativeTarget section */
		24CC4A8C27F551CA001BDFA1 /* aedo-iOS */ = {
			isa = PBXNativeTarget;
			buildConfigurationList = 24CC4AA127F551CB001BDFA1 /* Build configuration list for PBXNativeTarget "aedo-iOS" */;
			buildPhases = (
				99AE55EA03F0561543844F10 /* [CP] Check Pods Manifest.lock */,
				24CC4A8927F551CA001BDFA1 /* Sources */,
				24CC4A8A27F551CA001BDFA1 /* Frameworks */,
				24CC4A8B27F551CA001BDFA1 /* Resources */,
				2499E5819C2E1875367F1BB4 /* [CP] Embed Pods Frameworks */,
			);
			buildRules = (
			);
			dependencies = (
			);
			name = "aedo-iOS";
			productName = "aedo-iOS";
			productReference = 24CC4A8D27F551CA001BDFA1 /* aedo-iOS.app */;
			productType = "com.apple.product-type.application";
		};
/* End PBXNativeTarget section */

/* Begin PBXProject section */
		24CC4A8527F551CA001BDFA1 /* Project object */ = {
			isa = PBXProject;
			attributes = {
				BuildIndependentTargetsInParallel = 1;
				LastSwiftUpdateCheck = 1320;
				LastUpgradeCheck = 1320;
				TargetAttributes = {
					24CC4A8C27F551CA001BDFA1 = {
						CreatedOnToolsVersion = 13.2.1;
					};
				};
			};
			buildConfigurationList = 24CC4A8827F551CA001BDFA1 /* Build configuration list for PBXProject "aedo-iOS" */;
			compatibilityVersion = "Xcode 13.0";
			developmentRegion = en;
			hasScannedForEncodings = 0;
			knownRegions = (
				en,
				Base,
			);
			mainGroup = 24CC4A8427F551CA001BDFA1;
			productRefGroup = 24CC4A8E27F551CA001BDFA1 /* Products */;
			projectDirPath = "";
			projectRoot = "";
			targets = (
				24CC4A8C27F551CA001BDFA1 /* aedo-iOS */,
			);
		};
/* End PBXProject section */

/* Begin PBXResourcesBuildPhase section */
		24CC4A8B27F551CA001BDFA1 /* Resources */ = {
			isa = PBXResourcesBuildPhase;
			buildActionMask = 2147483647;
			files = (
				24CC4AAA27F552E2001BDFA1 /* NotoSansCJKkr-Regular.otf in Resources */,
				24CC4A9D27F551CB001BDFA1 /* LaunchScreen.storyboard in Resources */,
				24455B17280C8B7200D23358 /* CondoleMessageListTableViewCell.xib in Resources */,
				24455B0F280C1C9D00D23358 /* ObituaryListTableViewCell.xib in Resources */,
				24550A992807EEDE00853B58 /* SettingStaticTableViewCell.xib in Resources */,
				24550AA428095FA700853B58 /* ObituaryListNav.storyboard in Resources */,
				24550AA12807FA5C00853B58 /* SettingVersionTableViewCell.xib in Resources */,
				24CC4ADE27F57605001BDFA1 /* CustomAlertViewController.xib in Resources */,
				24CC4B1E27F80B9B001BDFA1 /* MainNav.storyboard in Resources */,
				24CC4AA927F552E2001BDFA1 /* NotoSansCJKkr-Bold.otf in Resources */,
				24550A9D2807EEE900853B58 /* SettingSwitchTableViewCell.xib in Resources */,
				2425FB9127FB62600062E597 /* CustomerNav.storyboard in Resources */,
				24E82074282D151600EC50F4 /* OrderWreathNav.storyboard in Resources */,
				24CC4A9A27F551CB001BDFA1 /* Assets.xcassets in Resources */,
				24CC4A9827F551CA001BDFA1 /* Main.storyboard in Resources */,
				24CC4AAB27F552E2001BDFA1 /* NotoSansCJKkr-Medium.otf in Resources */,
			);
			runOnlyForDeploymentPostprocessing = 0;
		};
/* End PBXResourcesBuildPhase section */

/* Begin PBXShellScriptBuildPhase section */
		2499E5819C2E1875367F1BB4 /* [CP] Embed Pods Frameworks */ = {
			isa = PBXShellScriptBuildPhase;
			buildActionMask = 2147483647;
			files = (
			);
			inputFileListPaths = (
				"${PODS_ROOT}/Target Support Files/Pods-aedo-iOS/Pods-aedo-iOS-frameworks-${CONFIGURATION}-input-files.xcfilelist",
			);
			name = "[CP] Embed Pods Frameworks";
			outputFileListPaths = (
				"${PODS_ROOT}/Target Support Files/Pods-aedo-iOS/Pods-aedo-iOS-frameworks-${CONFIGURATION}-output-files.xcfilelist",
			);
			runOnlyForDeploymentPostprocessing = 0;
			shellPath = /bin/sh;
			shellScript = "\"${PODS_ROOT}/Target Support Files/Pods-aedo-iOS/Pods-aedo-iOS-frameworks.sh\"\n";
			showEnvVarsInLog = 0;
		};
		99AE55EA03F0561543844F10 /* [CP] Check Pods Manifest.lock */ = {
			isa = PBXShellScriptBuildPhase;
			buildActionMask = 2147483647;
			files = (
			);
			inputFileListPaths = (
			);
			inputPaths = (
				"${PODS_PODFILE_DIR_PATH}/Podfile.lock",
				"${PODS_ROOT}/Manifest.lock",
			);
			name = "[CP] Check Pods Manifest.lock";
			outputFileListPaths = (
			);
			outputPaths = (
				"$(DERIVED_FILE_DIR)/Pods-aedo-iOS-checkManifestLockResult.txt",
			);
			runOnlyForDeploymentPostprocessing = 0;
			shellPath = /bin/sh;
			shellScript = "diff \"${PODS_PODFILE_DIR_PATH}/Podfile.lock\" \"${PODS_ROOT}/Manifest.lock\" > /dev/null\nif [ $? != 0 ] ; then\n    # print error to STDERR\n    echo \"error: The sandbox is not in sync with the Podfile.lock. Run 'pod install' or update your CocoaPods installation.\" >&2\n    exit 1\nfi\n# This output is used by Xcode 'outputs' to avoid re-running this script phase.\necho \"SUCCESS\" > \"${SCRIPT_OUTPUT_FILE_0}\"\n";
			showEnvVarsInLog = 0;
		};
/* End PBXShellScriptBuildPhase section */

/* Begin PBXSourcesBuildPhase section */
		24CC4A8927F551CA001BDFA1 /* Sources */ = {
			isa = PBXSourcesBuildPhase;
			buildActionMask = 2147483647;
			files = (
				24CC4B1127F7D7DD001BDFA1 /* LogIn.swift in Sources */,
				247985AD2805377900A8100C /* InquiryService.swift in Sources */,
				24CC4AEB27F5B3C0001BDFA1 /* GFError.swift in Sources */,
				24CC4B0027F705F7001BDFA1 /* MainViewController.swift in Sources */,
				24550A8D2807D13600853B58 /* DetailInquiryViewController.swift in Sources */,
				2425FB9527FB7B540062E597 /* CustomerNoticeListTableViewCell.swift in Sources */,
				24CC4B0227F75E06001BDFA1 /* PrivateInfoAccessViewController.swift in Sources */,
				244D43E02824C2F70034D5C7 /* CondoleMessageListViewModel.swift in Sources */,
				24E82071282CF60000EC50F4 /* RegisterObituaryCustomTextField.swift in Sources */,
				24CC4AFC27F700A2001BDFA1 /* PermissionViewController.swift in Sources */,
				247985A52805327100A8100C /* InquiryListViewController.swift in Sources */,
				24CC4AE927F5A9D1001BDFA1 /* Verification.swift in Sources */,
				244D43BC281F099C0034D5C7 /* ObituaryListService.swift in Sources */,
				24CC4B0627F76678001BDFA1 /* CustomTextField.swift in Sources */,
				24CC4AC927F571B2001BDFA1 /* AppVerification.swift in Sources */,
				247985A72805330300A8100C /* InquiryListTableViewCell.swift in Sources */,
				2425FB8C27F949520062E597 /* MainSubMenuViewController.swift in Sources */,
				24455B11280C217100D23358 /* ObituaryListViewController.swift in Sources */,
				244D43EF2826F1FC0034D5C7 /* DetailObituaryService.swift in Sources */,
				24CC4AB227F55565001BDFA1 /* UIDevice.swift in Sources */,
				24E8206F282CE70900EC50F4 /* RegisterObituaryViewController.swift in Sources */,
				2425FB8F27FB62090062E597 /* CustomerMainViewController.swift in Sources */,
				24CC4B0427F76665001BDFA1 /* CustomCheckButton.swift in Sources */,
				24CC4ACB27F571B7001BDFA1 /* AppPolicy.swift in Sources */,
				24CC4AAE27F553CB001BDFA1 /* UIColor.swift in Sources */,
				24455B0E280C1C9D00D23358 /* ObituaryListTableViewCell.swift in Sources */,
				24CC4AE027F5789E001BDFA1 /* UIView.swift in Sources */,
				247985A12804214900A8100C /* CommonQuestionTableViewCell.swift in Sources */,
				24E82080282E1B2C00EC50F4 /* RegisterObituaryResponse.swift in Sources */,
				2425FB9327FB76CC0062E597 /* CustomerNoticeListViewController.swift in Sources */,
				244D43DE282348930034D5C7 /* CondoleMessageListResponse.swift in Sources */,
				244D43ED2826F14E0034D5C7 /* DetailObituaryViewModel.swift in Sources */,
				24455B16280C8B7200D23358 /* CondoleMessageListTableViewCell.swift in Sources */,
				247985A9280534C800A8100C /* InquiryListViewModel.swift in Sources */,
				24CC4AED27F5BC48001BDFA1 /* PolicyService.swift in Sources */,
				24550A982807EEDE00853B58 /* SettingStaticTableViewCell.swift in Sources */,
				247985A3280423EB00A8100C /* AnswerTableViewCell.swift in Sources */,
				24CC4AF127F5C1FE001BDFA1 /* HTTPMethod.swift in Sources */,
				24CC4B0D27F7CEC9001BDFA1 /* SendAuthNumber.swift in Sources */,
				247985AB2805360B00A8100C /* Inquiry.swift in Sources */,
				24CC4AFA27F6FBEA001BDFA1 /* AccessToken.swift in Sources */,
				24CC4AF627F6F889001BDFA1 /* AutoLogIn.swift in Sources */,
				24CC4A9127F551CA001BDFA1 /* AppDelegate.swift in Sources */,
				244D43E2282597E10034D5C7 /* CondoleMessageViewModel.swift in Sources */,
				24CC4AD027F57219001BDFA1 /* JailBrokenHelper.swift in Sources */,
				24550A8B2807D0B500853B58 /* WithdrawalViewController.swift in Sources */,
				24CC4B1B27F808F8001BDFA1 /* Term.swift in Sources */,
				24CC4AF327F6F813001BDFA1 /* AutoLogInService.swift in Sources */,
				2425FB8727F811C40062E597 /* AnnouncementTableViewCell.swift in Sources */,
				24CC4B1527F80330001BDFA1 /* SignUp.swift in Sources */,
				2479859F280420C700A8100C /* CommonQuestionListViewController.swift in Sources */,
				24CC4AE427F57B7A001BDFA1 /* Constant.swift in Sources */,
				24CC4AE227F579FA001BDFA1 /* UIViewController.swift in Sources */,
				2425FB8A27F93A5C0062E597 /* AnnouncementService.swift in Sources */,
				24E8207E282E1B1000EC50F4 /* RegisterObituaryRequest.swift in Sources */,
				244D43DC2823487C0034D5C7 /* CondoleMessageListService.swift in Sources */,
				24550A9C2807EEE900853B58 /* SettingSwitchTableViewCell.swift in Sources */,
				24CC4AFE27F705EA001BDFA1 /* AuthViewController.swift in Sources */,
				244D43C0281F0BCA0034D5C7 /* ObituaryListViewModel.swift in Sources */,
				24E82084282F07AD00EC50F4 /* User.swift in Sources */,
				24E82078282DFBFB00EC50F4 /* RegisterObituaryService.swift in Sources */,
				2425FB9B27FFABD50062E597 /* AnnouncementListViewModel.swift in Sources */,
				24455B13280C8AFF00D23358 /* CondoleMessageListViewController.swift in Sources */,
				24550AA02807FA5C00853B58 /* SettingVersionTableViewCell.swift in Sources */,
				24E8207A282E0DDD00EC50F4 /* ImageFile.swift in Sources */,
				24550A892807B6B000853B58 /* SettingViewController.swift in Sources */,
				244D43BA281F085F0034D5C7 /* ObituaryListResponse.swift in Sources */,
				24CC4B1927F808B9001BDFA1 /* TermService.swift in Sources */,
				24CC4AB027F553ED001BDFA1 /* UIFont.swift in Sources */,
				2425FB8127F810A00062E597 /* Announcemnet.swift in Sources */,
				24CC4AE727F5A9CA001BDFA1 /* VerificationService.swift in Sources */,
				244D43EB2826F0160034D5C7 /* DetailObituaryViewController.swift in Sources */,
				24CC4AEF27F5BC63001BDFA1 /* AllPolicy.swift in Sources */,
				2425FB9D27FFDFA20062E597 /* NoticeDetailViewController.swift in Sources */,
				24CC4ACE27F5720E001BDFA1 /* NetworkMonitor.swift in Sources */,
				24CC4ADD27F57605001BDFA1 /* CustomAlertViewController.swift in Sources */,
				24E82076282D1ED200EC50F4 /* RegisterObituaryDateView.swift in Sources */,
				24E82082282F079100EC50F4 /* UserService.swift in Sources */,
				24CC4B0B27F7CDE2001BDFA1 /* AuthService.swift in Sources */,
				24CC4A9327F551CA001BDFA1 /* SceneDelegate.swift in Sources */,
				24CC4AD727F57458001BDFA1 /* SplashViewController.swift in Sources */,
			);
			runOnlyForDeploymentPostprocessing = 0;
		};
/* End PBXSourcesBuildPhase section */

/* Begin PBXVariantGroup section */
		24CC4A9627F551CA001BDFA1 /* Main.storyboard */ = {
			isa = PBXVariantGroup;
			children = (
				24CC4A9727F551CA001BDFA1 /* Base */,
			);
			name = Main.storyboard;
			sourceTree = "<group>";
		};
		24CC4A9B27F551CB001BDFA1 /* LaunchScreen.storyboard */ = {
			isa = PBXVariantGroup;
			children = (
				24CC4A9C27F551CB001BDFA1 /* Base */,
			);
			name = LaunchScreen.storyboard;
			sourceTree = "<group>";
		};
/* End PBXVariantGroup section */

/* Begin XCBuildConfiguration section */
		24CC4A9F27F551CB001BDFA1 /* Debug */ = {
			isa = XCBuildConfiguration;
			buildSettings = {
				ALWAYS_SEARCH_USER_PATHS = NO;
				CLANG_ANALYZER_NONNULL = YES;
				CLANG_ANALYZER_NUMBER_OBJECT_CONVERSION = YES_AGGRESSIVE;
				CLANG_CXX_LANGUAGE_STANDARD = "gnu++17";
				CLANG_CXX_LIBRARY = "libc++";
				CLANG_ENABLE_MODULES = YES;
				CLANG_ENABLE_OBJC_ARC = YES;
				CLANG_ENABLE_OBJC_WEAK = YES;
				CLANG_WARN_BLOCK_CAPTURE_AUTORELEASING = YES;
				CLANG_WARN_BOOL_CONVERSION = YES;
				CLANG_WARN_COMMA = YES;
				CLANG_WARN_CONSTANT_CONVERSION = YES;
				CLANG_WARN_DEPRECATED_OBJC_IMPLEMENTATIONS = YES;
				CLANG_WARN_DIRECT_OBJC_ISA_USAGE = YES_ERROR;
				CLANG_WARN_DOCUMENTATION_COMMENTS = YES;
				CLANG_WARN_EMPTY_BODY = YES;
				CLANG_WARN_ENUM_CONVERSION = YES;
				CLANG_WARN_INFINITE_RECURSION = YES;
				CLANG_WARN_INT_CONVERSION = YES;
				CLANG_WARN_NON_LITERAL_NULL_CONVERSION = YES;
				CLANG_WARN_OBJC_IMPLICIT_RETAIN_SELF = YES;
				CLANG_WARN_OBJC_LITERAL_CONVERSION = YES;
				CLANG_WARN_OBJC_ROOT_CLASS = YES_ERROR;
				CLANG_WARN_QUOTED_INCLUDE_IN_FRAMEWORK_HEADER = YES;
				CLANG_WARN_RANGE_LOOP_ANALYSIS = YES;
				CLANG_WARN_STRICT_PROTOTYPES = YES;
				CLANG_WARN_SUSPICIOUS_MOVE = YES;
				CLANG_WARN_UNGUARDED_AVAILABILITY = YES_AGGRESSIVE;
				CLANG_WARN_UNREACHABLE_CODE = YES;
				CLANG_WARN__DUPLICATE_METHOD_MATCH = YES;
				COPY_PHASE_STRIP = NO;
				DEBUG_INFORMATION_FORMAT = dwarf;
				ENABLE_STRICT_OBJC_MSGSEND = YES;
				ENABLE_TESTABILITY = YES;
				GCC_C_LANGUAGE_STANDARD = gnu11;
				GCC_DYNAMIC_NO_PIC = NO;
				GCC_NO_COMMON_BLOCKS = YES;
				GCC_OPTIMIZATION_LEVEL = 0;
				GCC_PREPROCESSOR_DEFINITIONS = (
					"DEBUG=1",
					"$(inherited)",
				);
				GCC_WARN_64_TO_32_BIT_CONVERSION = YES;
				GCC_WARN_ABOUT_RETURN_TYPE = YES_ERROR;
				GCC_WARN_UNDECLARED_SELECTOR = YES;
				GCC_WARN_UNINITIALIZED_AUTOS = YES_AGGRESSIVE;
				GCC_WARN_UNUSED_FUNCTION = YES;
				GCC_WARN_UNUSED_VARIABLE = YES;
				IPHONEOS_DEPLOYMENT_TARGET = 13.0;
				MTL_ENABLE_DEBUG_INFO = INCLUDE_SOURCE;
				MTL_FAST_MATH = YES;
				ONLY_ACTIVE_ARCH = YES;
				SDKROOT = iphoneos;
				SWIFT_ACTIVE_COMPILATION_CONDITIONS = DEBUG;
				SWIFT_OPTIMIZATION_LEVEL = "-Onone";
			};
			name = Debug;
		};
		24CC4AA027F551CB001BDFA1 /* Release */ = {
			isa = XCBuildConfiguration;
			buildSettings = {
				ALWAYS_SEARCH_USER_PATHS = NO;
				CLANG_ANALYZER_NONNULL = YES;
				CLANG_ANALYZER_NUMBER_OBJECT_CONVERSION = YES_AGGRESSIVE;
				CLANG_CXX_LANGUAGE_STANDARD = "gnu++17";
				CLANG_CXX_LIBRARY = "libc++";
				CLANG_ENABLE_MODULES = YES;
				CLANG_ENABLE_OBJC_ARC = YES;
				CLANG_ENABLE_OBJC_WEAK = YES;
				CLANG_WARN_BLOCK_CAPTURE_AUTORELEASING = YES;
				CLANG_WARN_BOOL_CONVERSION = YES;
				CLANG_WARN_COMMA = YES;
				CLANG_WARN_CONSTANT_CONVERSION = YES;
				CLANG_WARN_DEPRECATED_OBJC_IMPLEMENTATIONS = YES;
				CLANG_WARN_DIRECT_OBJC_ISA_USAGE = YES_ERROR;
				CLANG_WARN_DOCUMENTATION_COMMENTS = YES;
				CLANG_WARN_EMPTY_BODY = YES;
				CLANG_WARN_ENUM_CONVERSION = YES;
				CLANG_WARN_INFINITE_RECURSION = YES;
				CLANG_WARN_INT_CONVERSION = YES;
				CLANG_WARN_NON_LITERAL_NULL_CONVERSION = YES;
				CLANG_WARN_OBJC_IMPLICIT_RETAIN_SELF = YES;
				CLANG_WARN_OBJC_LITERAL_CONVERSION = YES;
				CLANG_WARN_OBJC_ROOT_CLASS = YES_ERROR;
				CLANG_WARN_QUOTED_INCLUDE_IN_FRAMEWORK_HEADER = YES;
				CLANG_WARN_RANGE_LOOP_ANALYSIS = YES;
				CLANG_WARN_STRICT_PROTOTYPES = YES;
				CLANG_WARN_SUSPICIOUS_MOVE = YES;
				CLANG_WARN_UNGUARDED_AVAILABILITY = YES_AGGRESSIVE;
				CLANG_WARN_UNREACHABLE_CODE = YES;
				CLANG_WARN__DUPLICATE_METHOD_MATCH = YES;
				COPY_PHASE_STRIP = NO;
				DEBUG_INFORMATION_FORMAT = "dwarf-with-dsym";
				ENABLE_NS_ASSERTIONS = NO;
				ENABLE_STRICT_OBJC_MSGSEND = YES;
				GCC_C_LANGUAGE_STANDARD = gnu11;
				GCC_NO_COMMON_BLOCKS = YES;
				GCC_WARN_64_TO_32_BIT_CONVERSION = YES;
				GCC_WARN_ABOUT_RETURN_TYPE = YES_ERROR;
				GCC_WARN_UNDECLARED_SELECTOR = YES;
				GCC_WARN_UNINITIALIZED_AUTOS = YES_AGGRESSIVE;
				GCC_WARN_UNUSED_FUNCTION = YES;
				GCC_WARN_UNUSED_VARIABLE = YES;
				IPHONEOS_DEPLOYMENT_TARGET = 13.0;
				MTL_ENABLE_DEBUG_INFO = NO;
				MTL_FAST_MATH = YES;
				SDKROOT = iphoneos;
				SWIFT_COMPILATION_MODE = wholemodule;
				SWIFT_OPTIMIZATION_LEVEL = "-O";
				VALIDATE_PRODUCT = YES;
			};
			name = Release;
		};
		24CC4AA227F551CB001BDFA1 /* Debug */ = {
			isa = XCBuildConfiguration;
			baseConfigurationReference = 3CB04653FAB6734767AA1362 /* Pods-aedo-iOS.debug.xcconfig */;
			buildSettings = {
				ASSETCATALOG_COMPILER_APPICON_NAME = AppIcon;
				ASSETCATALOG_COMPILER_GLOBAL_ACCENT_COLOR_NAME = AccentColor;
				CODE_SIGN_STYLE = Automatic;
				CURRENT_PROJECT_VERSION = 1;
				DEVELOPMENT_TEAM = GZCWDPJJ9Z;
				GENERATE_INFOPLIST_FILE = YES;
				INFOPLIST_FILE = "aedo-iOS/Info.plist";
				INFOPLIST_KEY_NSCameraUsageDescription = "사진촬영을 위해 카메라 권한이 필요합니다.";
				INFOPLIST_KEY_NSLocationAlwaysAndWhenInUseUsageDescription = "위치 권한이 필요합니다.";
				INFOPLIST_KEY_NSLocationWhenInUseUsageDescription = "위치 권한이 필요합니다.";
				INFOPLIST_KEY_NSPhotoLibraryAddUsageDescription = "사진저장을 위해 앨범 접근권한이 필요합니다.";
				INFOPLIST_KEY_NSPhotoLibraryUsageDescription = "사진을 가져오기 위해 앨범 접근권한이 필요합니다.";
				INFOPLIST_KEY_UIApplicationSupportsIndirectInputEvents = YES;
				INFOPLIST_KEY_UILaunchStoryboardName = LaunchScreen;
				INFOPLIST_KEY_UIMainStoryboardFile = Main;
				INFOPLIST_KEY_UISupportedInterfaceOrientations = UIInterfaceOrientationPortrait;
				INFOPLIST_KEY_UISupportedInterfaceOrientations_iPad = "UIInterfaceOrientationPortrait UIInterfaceOrientationPortraitUpsideDown UIInterfaceOrientationLandscapeLeft UIInterfaceOrientationLandscapeRight";
				INFOPLIST_KEY_UISupportedInterfaceOrientations_iPhone = "UIInterfaceOrientationPortrait UIInterfaceOrientationLandscapeLeft UIInterfaceOrientationLandscapeRight";
				IPHONEOS_DEPLOYMENT_TARGET = 13.0;
				LD_RUNPATH_SEARCH_PATHS = (
					"$(inherited)",
					"@executable_path/Frameworks",
				);
				MARKETING_VERSION = 1.0;
				PRODUCT_BUNDLE_IDENTIFIER = "com.minseong.aedo-iOS";
				PRODUCT_NAME = "$(TARGET_NAME)";
				SWIFT_EMIT_LOC_STRINGS = YES;
				SWIFT_VERSION = 5.0;
				TARGETED_DEVICE_FAMILY = 1;
			};
			name = Debug;
		};
		24CC4AA327F551CB001BDFA1 /* Release */ = {
			isa = XCBuildConfiguration;
			baseConfigurationReference = 55F49DF30242C1A7C859A53F /* Pods-aedo-iOS.release.xcconfig */;
			buildSettings = {
				ASSETCATALOG_COMPILER_APPICON_NAME = AppIcon;
				ASSETCATALOG_COMPILER_GLOBAL_ACCENT_COLOR_NAME = AccentColor;
				CODE_SIGN_STYLE = Automatic;
				CURRENT_PROJECT_VERSION = 1;
				DEVELOPMENT_TEAM = GZCWDPJJ9Z;
				GENERATE_INFOPLIST_FILE = YES;
				INFOPLIST_FILE = "aedo-iOS/Info.plist";
				INFOPLIST_KEY_NSCameraUsageDescription = "사진촬영을 위해 카메라 권한이 필요합니다.";
				INFOPLIST_KEY_NSLocationAlwaysAndWhenInUseUsageDescription = "위치 권한이 필요합니다.";
				INFOPLIST_KEY_NSLocationWhenInUseUsageDescription = "위치 권한이 필요합니다.";
				INFOPLIST_KEY_NSPhotoLibraryAddUsageDescription = "사진저장을 위해 앨범 접근권한이 필요합니다.";
				INFOPLIST_KEY_NSPhotoLibraryUsageDescription = "사진을 가져오기 위해 앨범 접근권한이 필요합니다.";
				INFOPLIST_KEY_UIApplicationSupportsIndirectInputEvents = YES;
				INFOPLIST_KEY_UILaunchStoryboardName = LaunchScreen;
				INFOPLIST_KEY_UIMainStoryboardFile = Main;
				INFOPLIST_KEY_UISupportedInterfaceOrientations = UIInterfaceOrientationPortrait;
				INFOPLIST_KEY_UISupportedInterfaceOrientations_iPad = "UIInterfaceOrientationPortrait UIInterfaceOrientationPortraitUpsideDown UIInterfaceOrientationLandscapeLeft UIInterfaceOrientationLandscapeRight";
				INFOPLIST_KEY_UISupportedInterfaceOrientations_iPhone = "UIInterfaceOrientationPortrait UIInterfaceOrientationLandscapeLeft UIInterfaceOrientationLandscapeRight";
				IPHONEOS_DEPLOYMENT_TARGET = 13.0;
				LD_RUNPATH_SEARCH_PATHS = (
					"$(inherited)",
					"@executable_path/Frameworks",
				);
				MARKETING_VERSION = 1.0;
				PRODUCT_BUNDLE_IDENTIFIER = "com.minseong.aedo-iOS";
				PRODUCT_NAME = "$(TARGET_NAME)";
				SWIFT_EMIT_LOC_STRINGS = YES;
				SWIFT_VERSION = 5.0;
				TARGETED_DEVICE_FAMILY = 1;
			};
			name = Release;
		};
/* End XCBuildConfiguration section */

/* Begin XCConfigurationList section */
		24CC4A8827F551CA001BDFA1 /* Build configuration list for PBXProject "aedo-iOS" */ = {
			isa = XCConfigurationList;
			buildConfigurations = (
				24CC4A9F27F551CB001BDFA1 /* Debug */,
				24CC4AA027F551CB001BDFA1 /* Release */,
			);
			defaultConfigurationIsVisible = 0;
			defaultConfigurationName = Release;
		};
		24CC4AA127F551CB001BDFA1 /* Build configuration list for PBXNativeTarget "aedo-iOS" */ = {
			isa = XCConfigurationList;
			buildConfigurations = (
				24CC4AA227F551CB001BDFA1 /* Debug */,
				24CC4AA327F551CB001BDFA1 /* Release */,
			);
			defaultConfigurationIsVisible = 0;
			defaultConfigurationName = Release;
		};
/* End XCConfigurationList section */
	};
	rootObject = 24CC4A8527F551CA001BDFA1 /* Project object */;
}
