// !$*UTF8*$!
{
	archiveVersion = 1;
	classes = {
	};
	objectVersion = 55;
	objects = {

/* Begin PBXBuildFile section */
		2425FB8127F810A00062E597 /* Announcemnet.swift in Sources */ = {isa = PBXBuildFile; fileRef = 2425FB8027F810A00062E597 /* Announcemnet.swift */; };
		2425FB8727F811C40062E597 /* AnnouncementTableViewCell.swift in Sources */ = {isa = PBXBuildFile; fileRef = 2425FB8527F811C40062E597 /* AnnouncementTableViewCell.swift */; };
		2425FB8A27F93A5C0062E597 /* AnnouncementService.swift in Sources */ = {isa = PBXBuildFile; fileRef = 2425FB8927F93A5C0062E597 /* AnnouncementService.swift */; };
		2425FB8C27F949520062E597 /* MainSubMenuViewController.swift in Sources */ = {isa = PBXBuildFile; fileRef = 2425FB8B27F949520062E597 /* MainSubMenuViewController.swift */; };
		2425FB8F27FB62090062E597 /* CustomerMainViewController.swift in Sources */ = {isa = PBXBuildFile; fileRef = 2425FB8E27FB62090062E597 /* CustomerMainViewController.swift */; };
		2425FB9127FB62600062E597 /* CustomerNav.storyboard in Resources */ = {isa = PBXBuildFile; fileRef = 2425FB9027FB62600062E597 /* CustomerNav.storyboard */; };
		2425FB9327FB76CC0062E597 /* CustomerNoticeListViewController.swift in Sources */ = {isa = PBXBuildFile; fileRef = 2425FB9227FB76CC0062E597 /* CustomerNoticeListViewController.swift */; };
		2425FB9527FB7B540062E597 /* CustomerNoticeListTableViewCell.swift in Sources */ = {isa = PBXBuildFile; fileRef = 2425FB9427FB7B540062E597 /* CustomerNoticeListTableViewCell.swift */; };
		2425FB9D27FFDFA20062E597 /* NoticeDetailViewController.swift in Sources */ = {isa = PBXBuildFile; fileRef = 2425FB9C27FFDFA20062E597 /* NoticeDetailViewController.swift */; };
		24CC4A9127F551CA001BDFA1 /* AppDelegate.swift in Sources */ = {isa = PBXBuildFile; fileRef = 24CC4A9027F551CA001BDFA1 /* AppDelegate.swift */; };
		24CC4A9327F551CA001BDFA1 /* SceneDelegate.swift in Sources */ = {isa = PBXBuildFile; fileRef = 24CC4A9227F551CA001BDFA1 /* SceneDelegate.swift */; };
		24CC4A9827F551CA001BDFA1 /* Main.storyboard in Resources */ = {isa = PBXBuildFile; fileRef = 24CC4A9627F551CA001BDFA1 /* Main.storyboard */; };
		24CC4A9A27F551CB001BDFA1 /* Assets.xcassets in Resources */ = {isa = PBXBuildFile; fileRef = 24CC4A9927F551CB001BDFA1 /* Assets.xcassets */; };
		24CC4A9D27F551CB001BDFA1 /* LaunchScreen.storyboard in Resources */ = {isa = PBXBuildFile; fileRef = 24CC4A9B27F551CB001BDFA1 /* LaunchScreen.storyboard */; };
		24CC4AA927F552E2001BDFA1 /* NotoSansCJKkr-Bold.otf in Resources */ = {isa = PBXBuildFile; fileRef = 24CC4AA627F552E1001BDFA1 /* NotoSansCJKkr-Bold.otf */; };
		24CC4AAA27F552E2001BDFA1 /* NotoSansCJKkr-Regular.otf in Resources */ = {isa = PBXBuildFile; fileRef = 24CC4AA727F552E1001BDFA1 /* NotoSansCJKkr-Regular.otf */; };
		24CC4AAB27F552E2001BDFA1 /* NotoSansCJKkr-Medium.otf in Resources */ = {isa = PBXBuildFile; fileRef = 24CC4AA827F552E1001BDFA1 /* NotoSansCJKkr-Medium.otf */; };
		24CC4AAE27F553CB001BDFA1 /* UIColor.swift in Sources */ = {isa = PBXBuildFile; fileRef = 24CC4AAD27F553CB001BDFA1 /* UIColor.swift */; };
		24CC4AB027F553ED001BDFA1 /* UIFont.swift in Sources */ = {isa = PBXBuildFile; fileRef = 24CC4AAF27F553ED001BDFA1 /* UIFont.swift */; };
		24CC4AB227F55565001BDFA1 /* UIDevice.swift in Sources */ = {isa = PBXBuildFile; fileRef = 24CC4AB127F55565001BDFA1 /* UIDevice.swift */; };
		24CC4AC927F571B2001BDFA1 /* AppVerification.swift in Sources */ = {isa = PBXBuildFile; fileRef = 24CC4AC827F571B1001BDFA1 /* AppVerification.swift */; };
		24CC4ACB27F571B7001BDFA1 /* AppPolicy.swift in Sources */ = {isa = PBXBuildFile; fileRef = 24CC4ACA27F571B7001BDFA1 /* AppPolicy.swift */; };
		24CC4ACE27F5720E001BDFA1 /* NetworkMonitor.swift in Sources */ = {isa = PBXBuildFile; fileRef = 24CC4ACD27F5720E001BDFA1 /* NetworkMonitor.swift */; };
		24CC4AD027F57219001BDFA1 /* JailBrokenHelper.swift in Sources */ = {isa = PBXBuildFile; fileRef = 24CC4ACF27F57219001BDFA1 /* JailBrokenHelper.swift */; };
		24CC4AD727F57458001BDFA1 /* SplashViewController.swift in Sources */ = {isa = PBXBuildFile; fileRef = 24CC4AD627F57458001BDFA1 /* SplashViewController.swift */; };
		24CC4ADD27F57605001BDFA1 /* CustomAlertViewController.swift in Sources */ = {isa = PBXBuildFile; fileRef = 24CC4ADB27F57605001BDFA1 /* CustomAlertViewController.swift */; };
		24CC4ADE27F57605001BDFA1 /* CustomAlertViewController.xib in Resources */ = {isa = PBXBuildFile; fileRef = 24CC4ADC27F57605001BDFA1 /* CustomAlertViewController.xib */; };
		24CC4AE027F5789E001BDFA1 /* UIView.swift in Sources */ = {isa = PBXBuildFile; fileRef = 24CC4ADF27F5789E001BDFA1 /* UIView.swift */; };
		24CC4AE227F579FA001BDFA1 /* UIViewController.swift in Sources */ = {isa = PBXBuildFile; fileRef = 24CC4AE127F579FA001BDFA1 /* UIViewController.swift */; };
		24CC4AE427F57B7A001BDFA1 /* Constant.swift in Sources */ = {isa = PBXBuildFile; fileRef = 24CC4AE327F57B7A001BDFA1 /* Constant.swift */; };
		24CC4AE727F5A9CA001BDFA1 /* VerificationService.swift in Sources */ = {isa = PBXBuildFile; fileRef = 24CC4AE627F5A9CA001BDFA1 /* VerificationService.swift */; };
		24CC4AE927F5A9D1001BDFA1 /* Verification.swift in Sources */ = {isa = PBXBuildFile; fileRef = 24CC4AE827F5A9D1001BDFA1 /* Verification.swift */; };
		24CC4AEB27F5B3C0001BDFA1 /* GFError.swift in Sources */ = {isa = PBXBuildFile; fileRef = 24CC4AEA27F5B3C0001BDFA1 /* GFError.swift */; };
		24CC4AED27F5BC48001BDFA1 /* PolicyService.swift in Sources */ = {isa = PBXBuildFile; fileRef = 24CC4AEC27F5BC48001BDFA1 /* PolicyService.swift */; };
		24CC4AEF27F5BC63001BDFA1 /* AllPolicy.swift in Sources */ = {isa = PBXBuildFile; fileRef = 24CC4AEE27F5BC63001BDFA1 /* AllPolicy.swift */; };
		24CC4AF127F5C1FE001BDFA1 /* HTTPMethod.swift in Sources */ = {isa = PBXBuildFile; fileRef = 24CC4AF027F5C1FE001BDFA1 /* HTTPMethod.swift */; };
		24CC4AF327F6F813001BDFA1 /* AutoLogInService.swift in Sources */ = {isa = PBXBuildFile; fileRef = 24CC4AF227F6F813001BDFA1 /* AutoLogInService.swift */; };
		24CC4AF627F6F889001BDFA1 /* AutoLogIn.swift in Sources */ = {isa = PBXBuildFile; fileRef = 24CC4AF527F6F889001BDFA1 /* AutoLogIn.swift */; };
		24CC4AFA27F6FBEA001BDFA1 /* AccessToken.swift in Sources */ = {isa = PBXBuildFile; fileRef = 24CC4AF927F6FBEA001BDFA1 /* AccessToken.swift */; };
		24CC4AFC27F700A2001BDFA1 /* PermissionViewController.swift in Sources */ = {isa = PBXBuildFile; fileRef = 24CC4AFB27F700A2001BDFA1 /* PermissionViewController.swift */; };
		24CC4AFE27F705EA001BDFA1 /* AuthViewController.swift in Sources */ = {isa = PBXBuildFile; fileRef = 24CC4AFD27F705EA001BDFA1 /* AuthViewController.swift */; };
		24CC4B0027F705F7001BDFA1 /* MainViewController.swift in Sources */ = {isa = PBXBuildFile; fileRef = 24CC4AFF27F705F7001BDFA1 /* MainViewController.swift */; };
		24CC4B0227F75E06001BDFA1 /* PrivateInfoAccessViewController.swift in Sources */ = {isa = PBXBuildFile; fileRef = 24CC4B0127F75E06001BDFA1 /* PrivateInfoAccessViewController.swift */; };
		24CC4B0427F76665001BDFA1 /* CustomCheckButton.swift in Sources */ = {isa = PBXBuildFile; fileRef = 24CC4B0327F76665001BDFA1 /* CustomCheckButton.swift */; };
		24CC4B0627F76678001BDFA1 /* CustomTextField.swift in Sources */ = {isa = PBXBuildFile; fileRef = 24CC4B0527F76678001BDFA1 /* CustomTextField.swift */; };
		24CC4B0B27F7CDE2001BDFA1 /* AuthService.swift in Sources */ = {isa = PBXBuildFile; fileRef = 24CC4B0A27F7CDE2001BDFA1 /* AuthService.swift */; };
		24CC4B0D27F7CEC9001BDFA1 /* SendAuthNumber.swift in Sources */ = {isa = PBXBuildFile; fileRef = 24CC4B0C27F7CEC9001BDFA1 /* SendAuthNumber.swift */; };
		24CC4B1127F7D7DD001BDFA1 /* LogIn.swift in Sources */ = {isa = PBXBuildFile; fileRef = 24CC4B1027F7D7DD001BDFA1 /* LogIn.swift */; };
		24CC4B1527F80330001BDFA1 /* SignUp.swift in Sources */ = {isa = PBXBuildFile; fileRef = 24CC4B1427F80330001BDFA1 /* SignUp.swift */; };
		24CC4B1927F808B9001BDFA1 /* TermService.swift in Sources */ = {isa = PBXBuildFile; fileRef = 24CC4B1827F808B9001BDFA1 /* TermService.swift */; };
		24CC4B1B27F808F8001BDFA1 /* Term.swift in Sources */ = {isa = PBXBuildFile; fileRef = 24CC4B1A27F808F8001BDFA1 /* Term.swift */; };
		24CC4B1E27F80B9B001BDFA1 /* MainNav.storyboard in Resources */ = {isa = PBXBuildFile; fileRef = 24CC4B1D27F80B9B001BDFA1 /* MainNav.storyboard */; };
		C5B5AD7A472A7775F082E432 /* Pods_aedo_iOS.framework in Frameworks */ = {isa = PBXBuildFile; fileRef = E5BC9416D57782C583292FF2 /* Pods_aedo_iOS.framework */; };
/* End PBXBuildFile section */

/* Begin PBXFileReference section */
		2425FB8027F810A00062E597 /* Announcemnet.swift */ = {isa = PBXFileReference; lastKnownFileType = sourcecode.swift; path = Announcemnet.swift; sourceTree = "<group>"; };
		2425FB8527F811C40062E597 /* AnnouncementTableViewCell.swift */ = {isa = PBXFileReference; lastKnownFileType = sourcecode.swift; path = AnnouncementTableViewCell.swift; sourceTree = "<group>"; };
		2425FB8927F93A5C0062E597 /* AnnouncementService.swift */ = {isa = PBXFileReference; lastKnownFileType = sourcecode.swift; path = AnnouncementService.swift; sourceTree = "<group>"; };
		2425FB8B27F949520062E597 /* MainSubMenuViewController.swift */ = {isa = PBXFileReference; lastKnownFileType = sourcecode.swift; path = MainSubMenuViewController.swift; sourceTree = "<group>"; };
		2425FB8E27FB62090062E597 /* CustomerMainViewController.swift */ = {isa = PBXFileReference; lastKnownFileType = sourcecode.swift; path = CustomerMainViewController.swift; sourceTree = "<group>"; };
		2425FB9027FB62600062E597 /* CustomerNav.storyboard */ = {isa = PBXFileReference; lastKnownFileType = file.storyboard; path = CustomerNav.storyboard; sourceTree = "<group>"; };
		2425FB9227FB76CC0062E597 /* CustomerNoticeListViewController.swift */ = {isa = PBXFileReference; lastKnownFileType = sourcecode.swift; path = CustomerNoticeListViewController.swift; sourceTree = "<group>"; };
		2425FB9427FB7B540062E597 /* CustomerNoticeListTableViewCell.swift */ = {isa = PBXFileReference; lastKnownFileType = sourcecode.swift; path = CustomerNoticeListTableViewCell.swift; sourceTree = "<group>"; };
		2425FB9C27FFDFA20062E597 /* NoticeDetailViewController.swift */ = {isa = PBXFileReference; lastKnownFileType = sourcecode.swift; path = NoticeDetailViewController.swift; sourceTree = "<group>"; };
		24CC4A8D27F551CA001BDFA1 /* aedo-iOS.app */ = {isa = PBXFileReference; explicitFileType = wrapper.application; includeInIndex = 0; path = "aedo-iOS.app"; sourceTree = BUILT_PRODUCTS_DIR; };
		24CC4A9027F551CA001BDFA1 /* AppDelegate.swift */ = {isa = PBXFileReference; lastKnownFileType = sourcecode.swift; path = AppDelegate.swift; sourceTree = "<group>"; };
		24CC4A9227F551CA001BDFA1 /* SceneDelegate.swift */ = {isa = PBXFileReference; lastKnownFileType = sourcecode.swift; path = SceneDelegate.swift; sourceTree = "<group>"; };
		24CC4A9727F551CA001BDFA1 /* Base */ = {isa = PBXFileReference; lastKnownFileType = file.storyboard; name = Base; path = Base.lproj/Main.storyboard; sourceTree = "<group>"; };
		24CC4A9927F551CB001BDFA1 /* Assets.xcassets */ = {isa = PBXFileReference; lastKnownFileType = folder.assetcatalog; path = Assets.xcassets; sourceTree = "<group>"; };
		24CC4A9C27F551CB001BDFA1 /* Base */ = {isa = PBXFileReference; lastKnownFileType = file.storyboard; name = Base; path = Base.lproj/LaunchScreen.storyboard; sourceTree = "<group>"; };
		24CC4A9E27F551CB001BDFA1 /* Info.plist */ = {isa = PBXFileReference; lastKnownFileType = text.plist.xml; path = Info.plist; sourceTree = "<group>"; };
		24CC4AA627F552E1001BDFA1 /* NotoSansCJKkr-Bold.otf */ = {isa = PBXFileReference; lastKnownFileType = file; path = "NotoSansCJKkr-Bold.otf"; sourceTree = "<group>"; };
		24CC4AA727F552E1001BDFA1 /* NotoSansCJKkr-Regular.otf */ = {isa = PBXFileReference; lastKnownFileType = file; path = "NotoSansCJKkr-Regular.otf"; sourceTree = "<group>"; };
		24CC4AA827F552E1001BDFA1 /* NotoSansCJKkr-Medium.otf */ = {isa = PBXFileReference; lastKnownFileType = file; path = "NotoSansCJKkr-Medium.otf"; sourceTree = "<group>"; };
		24CC4AAD27F553CB001BDFA1 /* UIColor.swift */ = {isa = PBXFileReference; lastKnownFileType = sourcecode.swift; path = UIColor.swift; sourceTree = "<group>"; };
		24CC4AAF27F553ED001BDFA1 /* UIFont.swift */ = {isa = PBXFileReference; lastKnownFileType = sourcecode.swift; path = UIFont.swift; sourceTree = "<group>"; };
		24CC4AB127F55565001BDFA1 /* UIDevice.swift */ = {isa = PBXFileReference; lastKnownFileType = sourcecode.swift; path = UIDevice.swift; sourceTree = "<group>"; };
		24CC4AC827F571B1001BDFA1 /* AppVerification.swift */ = {isa = PBXFileReference; lastKnownFileType = sourcecode.swift; path = AppVerification.swift; sourceTree = "<group>"; };
		24CC4ACA27F571B7001BDFA1 /* AppPolicy.swift */ = {isa = PBXFileReference; lastKnownFileType = sourcecode.swift; path = AppPolicy.swift; sourceTree = "<group>"; };
		24CC4ACD27F5720E001BDFA1 /* NetworkMonitor.swift */ = {isa = PBXFileReference; lastKnownFileType = sourcecode.swift; path = NetworkMonitor.swift; sourceTree = "<group>"; };
		24CC4ACF27F57219001BDFA1 /* JailBrokenHelper.swift */ = {isa = PBXFileReference; lastKnownFileType = sourcecode.swift; path = JailBrokenHelper.swift; sourceTree = "<group>"; };
		24CC4AD627F57458001BDFA1 /* SplashViewController.swift */ = {isa = PBXFileReference; lastKnownFileType = sourcecode.swift; path = SplashViewController.swift; sourceTree = "<group>"; };
		24CC4ADB27F57605001BDFA1 /* CustomAlertViewController.swift */ = {isa = PBXFileReference; lastKnownFileType = sourcecode.swift; path = CustomAlertViewController.swift; sourceTree = "<group>"; };
		24CC4ADC27F57605001BDFA1 /* CustomAlertViewController.xib */ = {isa = PBXFileReference; lastKnownFileType = file.xib; path = CustomAlertViewController.xib; sourceTree = "<group>"; };
		24CC4ADF27F5789E001BDFA1 /* UIView.swift */ = {isa = PBXFileReference; lastKnownFileType = sourcecode.swift; path = UIView.swift; sourceTree = "<group>"; };
		24CC4AE127F579FA001BDFA1 /* UIViewController.swift */ = {isa = PBXFileReference; lastKnownFileType = sourcecode.swift; path = UIViewController.swift; sourceTree = "<group>"; };
		24CC4AE327F57B7A001BDFA1 /* Constant.swift */ = {isa = PBXFileReference; lastKnownFileType = sourcecode.swift; path = Constant.swift; sourceTree = "<group>"; };
		24CC4AE627F5A9CA001BDFA1 /* VerificationService.swift */ = {isa = PBXFileReference; lastKnownFileType = sourcecode.swift; path = VerificationService.swift; sourceTree = "<group>"; };
		24CC4AE827F5A9D1001BDFA1 /* Verification.swift */ = {isa = PBXFileReference; lastKnownFileType = sourcecode.swift; path = Verification.swift; sourceTree = "<group>"; };
		24CC4AEA27F5B3C0001BDFA1 /* GFError.swift */ = {isa = PBXFileReference; lastKnownFileType = sourcecode.swift; path = GFError.swift; sourceTree = "<group>"; };
		24CC4AEC27F5BC48001BDFA1 /* PolicyService.swift */ = {isa = PBXFileReference; lastKnownFileType = sourcecode.swift; path = PolicyService.swift; sourceTree = "<group>"; };
		24CC4AEE27F5BC63001BDFA1 /* AllPolicy.swift */ = {isa = PBXFileReference; lastKnownFileType = sourcecode.swift; path = AllPolicy.swift; sourceTree = "<group>"; };
		24CC4AF027F5C1FE001BDFA1 /* HTTPMethod.swift */ = {isa = PBXFileReference; lastKnownFileType = sourcecode.swift; path = HTTPMethod.swift; sourceTree = "<group>"; };
		24CC4AF227F6F813001BDFA1 /* AutoLogInService.swift */ = {isa = PBXFileReference; lastKnownFileType = sourcecode.swift; path = AutoLogInService.swift; sourceTree = "<group>"; };
		24CC4AF527F6F889001BDFA1 /* AutoLogIn.swift */ = {isa = PBXFileReference; lastKnownFileType = sourcecode.swift; path = AutoLogIn.swift; sourceTree = "<group>"; };
		24CC4AF927F6FBEA001BDFA1 /* AccessToken.swift */ = {isa = PBXFileReference; lastKnownFileType = sourcecode.swift; path = AccessToken.swift; sourceTree = "<group>"; };
		24CC4AFB27F700A2001BDFA1 /* PermissionViewController.swift */ = {isa = PBXFileReference; lastKnownFileType = sourcecode.swift; path = PermissionViewController.swift; sourceTree = "<group>"; };
		24CC4AFD27F705EA001BDFA1 /* AuthViewController.swift */ = {isa = PBXFileReference; lastKnownFileType = sourcecode.swift; path = AuthViewController.swift; sourceTree = "<group>"; };
		24CC4AFF27F705F7001BDFA1 /* MainViewController.swift */ = {isa = PBXFileReference; lastKnownFileType = sourcecode.swift; path = MainViewController.swift; sourceTree = "<group>"; };
		24CC4B0127F75E06001BDFA1 /* PrivateInfoAccessViewController.swift */ = {isa = PBXFileReference; lastKnownFileType = sourcecode.swift; path = PrivateInfoAccessViewController.swift; sourceTree = "<group>"; };
		24CC4B0327F76665001BDFA1 /* CustomCheckButton.swift */ = {isa = PBXFileReference; lastKnownFileType = sourcecode.swift; path = CustomCheckButton.swift; sourceTree = "<group>"; };
		24CC4B0527F76678001BDFA1 /* CustomTextField.swift */ = {isa = PBXFileReference; lastKnownFileType = sourcecode.swift; path = CustomTextField.swift; sourceTree = "<group>"; };
		24CC4B0A27F7CDE2001BDFA1 /* AuthService.swift */ = {isa = PBXFileReference; lastKnownFileType = sourcecode.swift; path = AuthService.swift; sourceTree = "<group>"; };
		24CC4B0C27F7CEC9001BDFA1 /* SendAuthNumber.swift */ = {isa = PBXFileReference; lastKnownFileType = sourcecode.swift; path = SendAuthNumber.swift; sourceTree = "<group>"; };
		24CC4B1027F7D7DD001BDFA1 /* LogIn.swift */ = {isa = PBXFileReference; lastKnownFileType = sourcecode.swift; path = LogIn.swift; sourceTree = "<group>"; };
		24CC4B1427F80330001BDFA1 /* SignUp.swift */ = {isa = PBXFileReference; lastKnownFileType = sourcecode.swift; path = SignUp.swift; sourceTree = "<group>"; };
		24CC4B1827F808B9001BDFA1 /* TermService.swift */ = {isa = PBXFileReference; lastKnownFileType = sourcecode.swift; path = TermService.swift; sourceTree = "<group>"; };
		24CC4B1A27F808F8001BDFA1 /* Term.swift */ = {isa = PBXFileReference; lastKnownFileType = sourcecode.swift; path = Term.swift; sourceTree = "<group>"; };
		24CC4B1D27F80B9B001BDFA1 /* MainNav.storyboard */ = {isa = PBXFileReference; lastKnownFileType = file.storyboard; path = MainNav.storyboard; sourceTree = "<group>"; };
		3CB04653FAB6734767AA1362 /* Pods-aedo-iOS.debug.xcconfig */ = {isa = PBXFileReference; includeInIndex = 1; lastKnownFileType = text.xcconfig; name = "Pods-aedo-iOS.debug.xcconfig"; path = "Target Support Files/Pods-aedo-iOS/Pods-aedo-iOS.debug.xcconfig"; sourceTree = "<group>"; };
		55F49DF30242C1A7C859A53F /* Pods-aedo-iOS.release.xcconfig */ = {isa = PBXFileReference; includeInIndex = 1; lastKnownFileType = text.xcconfig; name = "Pods-aedo-iOS.release.xcconfig"; path = "Target Support Files/Pods-aedo-iOS/Pods-aedo-iOS.release.xcconfig"; sourceTree = "<group>"; };
		E5BC9416D57782C583292FF2 /* Pods_aedo_iOS.framework */ = {isa = PBXFileReference; explicitFileType = wrapper.framework; includeInIndex = 0; path = Pods_aedo_iOS.framework; sourceTree = BUILT_PRODUCTS_DIR; };
/* End PBXFileReference section */

/* Begin PBXFrameworksBuildPhase section */
		24CC4A8A27F551CA001BDFA1 /* Frameworks */ = {
			isa = PBXFrameworksBuildPhase;
			buildActionMask = 2147483647;
			files = (
				C5B5AD7A472A7775F082E432 /* Pods_aedo_iOS.framework in Frameworks */,
			);
			runOnlyForDeploymentPostprocessing = 0;
		};
/* End PBXFrameworksBuildPhase section */

/* Begin PBXGroup section */
		042AB33250FEE12612A9A168 /* Pods */ = {
			isa = PBXGroup;
			children = (
				3CB04653FAB6734767AA1362 /* Pods-aedo-iOS.debug.xcconfig */,
				55F49DF30242C1A7C859A53F /* Pods-aedo-iOS.release.xcconfig */,
			);
			path = Pods;
			sourceTree = "<group>";
		};
		2425FB8227F811880062E597 /* CustomCells */ = {
			isa = PBXGroup;
			children = (
				2425FB8527F811C40062E597 /* AnnouncementTableViewCell.swift */,
				2425FB9427FB7B540062E597 /* CustomerNoticeListTableViewCell.swift */,
			);
			path = CustomCells;
			sourceTree = "<group>";
		};
		2425FB8D27FB61F80062E597 /* Customer */ = {
			isa = PBXGroup;
			children = (
				2425FB8E27FB62090062E597 /* CustomerMainViewController.swift */,
				2425FB9227FB76CC0062E597 /* CustomerNoticeListViewController.swift */,
				2425FB9C27FFDFA20062E597 /* NoticeDetailViewController.swift */,
				2425FB9027FB62600062E597 /* CustomerNav.storyboard */,
			);
			path = Customer;
			sourceTree = "<group>";
		};
		24CC4A8427F551CA001BDFA1 = {
			isa = PBXGroup;
			children = (
				24CC4A8F27F551CA001BDFA1 /* aedo-iOS */,
				24CC4A8E27F551CA001BDFA1 /* Products */,
				042AB33250FEE12612A9A168 /* Pods */,
				7C4245A03A8820329133AF7E /* Frameworks */,
			);
			sourceTree = "<group>";
		};
		24CC4A8E27F551CA001BDFA1 /* Products */ = {
			isa = PBXGroup;
			children = (
				24CC4A8D27F551CA001BDFA1 /* aedo-iOS.app */,
			);
			name = Products;
			sourceTree = "<group>";
		};
		24CC4A8F27F551CA001BDFA1 /* aedo-iOS */ = {
			isa = PBXGroup;
			children = (
				24CC4AC727F571A5001BDFA1 /* RealmDataModel */,
				24CC4ACC27F571F6001BDFA1 /* CommonClass */,
				24CC4AAC27F553BD001BDFA1 /* Extension */,
				24CC4AA527F552BC001BDFA1 /* Fonts */,
				24CC4AE527F5A98B001BDFA1 /* Services */,
				24CC4AD227F57274001BDFA1 /* Models */,
				24CC4AD327F57276001BDFA1 /* Views */,
				24CC4AD427F57279001BDFA1 /* ViewModels */,
				24CC4AA427F55215001BDFA1 /* Resources */,
				24CC4A9027F551CA001BDFA1 /* AppDelegate.swift */,
				24CC4A9227F551CA001BDFA1 /* SceneDelegate.swift */,
				24CC4A9E27F551CB001BDFA1 /* Info.plist */,
			);
			path = "aedo-iOS";
			sourceTree = "<group>";
		};
		24CC4AA427F55215001BDFA1 /* Resources */ = {
			isa = PBXGroup;
			children = (
				24CC4A9627F551CA001BDFA1 /* Main.storyboard */,
				24CC4A9927F551CB001BDFA1 /* Assets.xcassets */,
				24CC4A9B27F551CB001BDFA1 /* LaunchScreen.storyboard */,
			);
			path = Resources;
			sourceTree = "<group>";
		};
		24CC4AA527F552BC001BDFA1 /* Fonts */ = {
			isa = PBXGroup;
			children = (
				24CC4AA627F552E1001BDFA1 /* NotoSansCJKkr-Bold.otf */,
				24CC4AA827F552E1001BDFA1 /* NotoSansCJKkr-Medium.otf */,
				24CC4AA727F552E1001BDFA1 /* NotoSansCJKkr-Regular.otf */,
			);
			path = Fonts;
			sourceTree = "<group>";
		};
		24CC4AAC27F553BD001BDFA1 /* Extension */ = {
			isa = PBXGroup;
			children = (
				24CC4AAD27F553CB001BDFA1 /* UIColor.swift */,
				24CC4AAF27F553ED001BDFA1 /* UIFont.swift */,
				24CC4AB127F55565001BDFA1 /* UIDevice.swift */,
				24CC4ADF27F5789E001BDFA1 /* UIView.swift */,
				24CC4AE127F579FA001BDFA1 /* UIViewController.swift */,
			);
			path = Extension;
			sourceTree = "<group>";
		};
		24CC4AC727F571A5001BDFA1 /* RealmDataModel */ = {
			isa = PBXGroup;
			children = (
				24CC4AC827F571B1001BDFA1 /* AppVerification.swift */,
				24CC4ACA27F571B7001BDFA1 /* AppPolicy.swift */,
			);
			path = RealmDataModel;
			sourceTree = "<group>";
		};
		24CC4ACC27F571F6001BDFA1 /* CommonClass */ = {
			isa = PBXGroup;
			children = (
				24CC4ACD27F5720E001BDFA1 /* NetworkMonitor.swift */,
				24CC4ACF27F57219001BDFA1 /* JailBrokenHelper.swift */,
				24CC4AE327F57B7A001BDFA1 /* Constant.swift */,
				24CC4AF927F6FBEA001BDFA1 /* AccessToken.swift */,
			);
			path = CommonClass;
			sourceTree = "<group>";
		};
		24CC4AD227F57274001BDFA1 /* Models */ = {
			isa = PBXGroup;
			children = (
				24CC4AE827F5A9D1001BDFA1 /* Verification.swift */,
				24CC4AEE27F5BC63001BDFA1 /* AllPolicy.swift */,
				24CC4B1A27F808F8001BDFA1 /* Term.swift */,
				24CC4AF527F6F889001BDFA1 /* AutoLogIn.swift */,
				24CC4B0C27F7CEC9001BDFA1 /* SendAuthNumber.swift */,
				24CC4B1027F7D7DD001BDFA1 /* LogIn.swift */,
				24CC4B1427F80330001BDFA1 /* SignUp.swift */,
				2425FB8027F810A00062E597 /* Announcemnet.swift */,
			);
			path = Models;
			sourceTree = "<group>";
		};
		24CC4AD327F57276001BDFA1 /* Views */ = {
			isa = PBXGroup;
			children = (
				2425FB8227F811880062E597 /* CustomCells */,
				24CC4B0727F76D20001BDFA1 /* CustomViews */,
				24CC4AD827F575D2001BDFA1 /* CustomAlert */,
				24CC4AD527F5728B001BDFA1 /* Controllers */,
			);
			path = Views;
			sourceTree = "<group>";
		};
		24CC4AD427F57279001BDFA1 /* ViewModels */ = {
			isa = PBXGroup;
			children = (
			);
			path = ViewModels;
			sourceTree = "<group>";
		};
		24CC4AD527F5728B001BDFA1 /* Controllers */ = {
			isa = PBXGroup;
			children = (
				2425FB8D27FB61F80062E597 /* Customer */,
				24CC4B1C27F80B7F001BDFA1 /* Main */,
				24CC4AD627F57458001BDFA1 /* SplashViewController.swift */,
				24CC4AFB27F700A2001BDFA1 /* PermissionViewController.swift */,
				24CC4AFD27F705EA001BDFA1 /* AuthViewController.swift */,
				24CC4B0127F75E06001BDFA1 /* PrivateInfoAccessViewController.swift */,
			);
			path = Controllers;
			sourceTree = "<group>";
		};
		24CC4AD827F575D2001BDFA1 /* CustomAlert */ = {
			isa = PBXGroup;
			children = (
				24CC4ADB27F57605001BDFA1 /* CustomAlertViewController.swift */,
				24CC4ADC27F57605001BDFA1 /* CustomAlertViewController.xib */,
			);
			path = CustomAlert;
			sourceTree = "<group>";
		};
		24CC4AE527F5A98B001BDFA1 /* Services */ = {
			isa = PBXGroup;
			children = (
				24CC4AEA27F5B3C0001BDFA1 /* GFError.swift */,
				24CC4AF027F5C1FE001BDFA1 /* HTTPMethod.swift */,
				24CC4AE627F5A9CA001BDFA1 /* VerificationService.swift */,
				24CC4AEC27F5BC48001BDFA1 /* PolicyService.swift */,
				24CC4B1827F808B9001BDFA1 /* TermService.swift */,
				24CC4AF227F6F813001BDFA1 /* AutoLogInService.swift */,
				24CC4B0A27F7CDE2001BDFA1 /* AuthService.swift */,
				2425FB8927F93A5C0062E597 /* AnnouncementService.swift */,
			);
			path = Services;
			sourceTree = "<group>";
		};
		24CC4B0727F76D20001BDFA1 /* CustomViews */ = {
			isa = PBXGroup;
			children = (
				24CC4B0327F76665001BDFA1 /* CustomCheckButton.swift */,
				24CC4B0527F76678001BDFA1 /* CustomTextField.swift */,
			);
			path = CustomViews;
			sourceTree = "<group>";
		};
		24CC4B1C27F80B7F001BDFA1 /* Main */ = {
			isa = PBXGroup;
			children = (
				24CC4AFF27F705F7001BDFA1 /* MainViewController.swift */,
				2425FB8B27F949520062E597 /* MainSubMenuViewController.swift */,
				24CC4B1D27F80B9B001BDFA1 /* MainNav.storyboard */,
			);
			path = Main;
			sourceTree = "<group>";
		};
		7C4245A03A8820329133AF7E /* Frameworks */ = {
			isa = PBXGroup;
			children = (
				E5BC9416D57782C583292FF2 /* Pods_aedo_iOS.framework */,
			);
			name = Frameworks;
			sourceTree = "<group>";
		};
/* End PBXGroup section */

/* Begin PBXNativeTarget section */
		24CC4A8C27F551CA001BDFA1 /* aedo-iOS */ = {
			isa = PBXNativeTarget;
			buildConfigurationList = 24CC4AA127F551CB001BDFA1 /* Build configuration list for PBXNativeTarget "aedo-iOS" */;
			buildPhases = (
				99AE55EA03F0561543844F10 /* [CP] Check Pods Manifest.lock */,
				24CC4A8927F551CA001BDFA1 /* Sources */,
				24CC4A8A27F551CA001BDFA1 /* Frameworks */,
				24CC4A8B27F551CA001BDFA1 /* Resources */,
				2499E5819C2E1875367F1BB4 /* [CP] Embed Pods Frameworks */,
			);
			buildRules = (
			);
			dependencies = (
			);
			name = "aedo-iOS";
			productName = "aedo-iOS";
			productReference = 24CC4A8D27F551CA001BDFA1 /* aedo-iOS.app */;
			productType = "com.apple.product-type.application";
		};
/* End PBXNativeTarget section */

/* Begin PBXProject section */
		24CC4A8527F551CA001BDFA1 /* Project object */ = {
			isa = PBXProject;
			attributes = {
				BuildIndependentTargetsInParallel = 1;
				LastSwiftUpdateCheck = 1320;
				LastUpgradeCheck = 1320;
				TargetAttributes = {
					24CC4A8C27F551CA001BDFA1 = {
						CreatedOnToolsVersion = 13.2.1;
					};
				};
			};
			buildConfigurationList = 24CC4A8827F551CA001BDFA1 /* Build configuration list for PBXProject "aedo-iOS" */;
			compatibilityVersion = "Xcode 13.0";
			developmentRegion = en;
			hasScannedForEncodings = 0;
			knownRegions = (
				en,
				Base,
			);
			mainGroup = 24CC4A8427F551CA001BDFA1;
			productRefGroup = 24CC4A8E27F551CA001BDFA1 /* Products */;
			projectDirPath = "";
			projectRoot = "";
			targets = (
				24CC4A8C27F551CA001BDFA1 /* aedo-iOS */,
			);
		};
/* End PBXProject section */

/* Begin PBXResourcesBuildPhase section */
		24CC4A8B27F551CA001BDFA1 /* Resources */ = {
			isa = PBXResourcesBuildPhase;
			buildActionMask = 2147483647;
			files = (
				24CC4AAA27F552E2001BDFA1 /* NotoSansCJKkr-Regular.otf in Resources */,
				24CC4A9D27F551CB001BDFA1 /* LaunchScreen.storyboard in Resources */,
				24CC4ADE27F57605001BDFA1 /* CustomAlertViewController.xib in Resources */,
				24CC4B1E27F80B9B001BDFA1 /* MainNav.storyboard in Resources */,
				24CC4AA927F552E2001BDFA1 /* NotoSansCJKkr-Bold.otf in Resources */,
				2425FB9127FB62600062E597 /* CustomerNav.storyboard in Resources */,
				24CC4A9A27F551CB001BDFA1 /* Assets.xcassets in Resources */,
				24CC4A9827F551CA001BDFA1 /* Main.storyboard in Resources */,
				24CC4AAB27F552E2001BDFA1 /* NotoSansCJKkr-Medium.otf in Resources */,
			);
			runOnlyForDeploymentPostprocessing = 0;
		};
/* End PBXResourcesBuildPhase section */

/* Begin PBXShellScriptBuildPhase section */
		2499E5819C2E1875367F1BB4 /* [CP] Embed Pods Frameworks */ = {
			isa = PBXShellScriptBuildPhase;
			buildActionMask = 2147483647;
			files = (
			);
			inputFileListPaths = (
				"${PODS_ROOT}/Target Support Files/Pods-aedo-iOS/Pods-aedo-iOS-frameworks-${CONFIGURATION}-input-files.xcfilelist",
			);
			name = "[CP] Embed Pods Frameworks";
			outputFileListPaths = (
				"${PODS_ROOT}/Target Support Files/Pods-aedo-iOS/Pods-aedo-iOS-frameworks-${CONFIGURATION}-output-files.xcfilelist",
			);
			runOnlyForDeploymentPostprocessing = 0;
			shellPath = /bin/sh;
			shellScript = "\"${PODS_ROOT}/Target Support Files/Pods-aedo-iOS/Pods-aedo-iOS-frameworks.sh\"\n";
			showEnvVarsInLog = 0;
		};
		99AE55EA03F0561543844F10 /* [CP] Check Pods Manifest.lock */ = {
			isa = PBXShellScriptBuildPhase;
			buildActionMask = 2147483647;
			files = (
			);
			inputFileListPaths = (
			);
			inputPaths = (
				"${PODS_PODFILE_DIR_PATH}/Podfile.lock",
				"${PODS_ROOT}/Manifest.lock",
			);
			name = "[CP] Check Pods Manifest.lock";
			outputFileListPaths = (
			);
			outputPaths = (
				"$(DERIVED_FILE_DIR)/Pods-aedo-iOS-checkManifestLockResult.txt",
			);
			runOnlyForDeploymentPostprocessing = 0;
			shellPath = /bin/sh;
			shellScript = "diff \"${PODS_PODFILE_DIR_PATH}/Podfile.lock\" \"${PODS_ROOT}/Manifest.lock\" > /dev/null\nif [ $? != 0 ] ; then\n    # print error to STDERR\n    echo \"error: The sandbox is not in sync with the Podfile.lock. Run 'pod install' or update your CocoaPods installation.\" >&2\n    exit 1\nfi\n# This output is used by Xcode 'outputs' to avoid re-running this script phase.\necho \"SUCCESS\" > \"${SCRIPT_OUTPUT_FILE_0}\"\n";
			showEnvVarsInLog = 0;
		};
/* End PBXShellScriptBuildPhase section */

/* Begin PBXSourcesBuildPhase section */
		24CC4A8927F551CA001BDFA1 /* Sources */ = {
			isa = PBXSourcesBuildPhase;
			buildActionMask = 2147483647;
			files = (
				24CC4B1127F7D7DD001BDFA1 /* LogIn.swift in Sources */,
				24CC4AEB27F5B3C0001BDFA1 /* GFError.swift in Sources */,
				24CC4B0027F705F7001BDFA1 /* MainViewController.swift in Sources */,
				2425FB9527FB7B540062E597 /* CustomerNoticeListTableViewCell.swift in Sources */,
				24CC4B0227F75E06001BDFA1 /* PrivateInfoAccessViewController.swift in Sources */,
				24CC4AFC27F700A2001BDFA1 /* PermissionViewController.swift in Sources */,
				24CC4AE927F5A9D1001BDFA1 /* Verification.swift in Sources */,
				24CC4B0627F76678001BDFA1 /* CustomTextField.swift in Sources */,
				24CC4AC927F571B2001BDFA1 /* AppVerification.swift in Sources */,
				2425FB8C27F949520062E597 /* MainSubMenuViewController.swift in Sources */,
				24CC4AB227F55565001BDFA1 /* UIDevice.swift in Sources */,
				2425FB8F27FB62090062E597 /* CustomerMainViewController.swift in Sources */,
				24CC4B0427F76665001BDFA1 /* CustomCheckButton.swift in Sources */,
				24CC4ACB27F571B7001BDFA1 /* AppPolicy.swift in Sources */,
				24CC4AAE27F553CB001BDFA1 /* UIColor.swift in Sources */,
				24CC4AE027F5789E001BDFA1 /* UIView.swift in Sources */,
				2425FB9327FB76CC0062E597 /* CustomerNoticeListViewController.swift in Sources */,
				24CC4AED27F5BC48001BDFA1 /* PolicyService.swift in Sources */,
				24CC4AF127F5C1FE001BDFA1 /* HTTPMethod.swift in Sources */,
				24CC4B0D27F7CEC9001BDFA1 /* SendAuthNumber.swift in Sources */,
				24CC4AFA27F6FBEA001BDFA1 /* AccessToken.swift in Sources */,
				24CC4AF627F6F889001BDFA1 /* AutoLogIn.swift in Sources */,
				24CC4A9127F551CA001BDFA1 /* AppDelegate.swift in Sources */,
				24CC4AD027F57219001BDFA1 /* JailBrokenHelper.swift in Sources */,
				24CC4B1B27F808F8001BDFA1 /* Term.swift in Sources */,
				24CC4AF327F6F813001BDFA1 /* AutoLogInService.swift in Sources */,
				2425FB8727F811C40062E597 /* AnnouncementTableViewCell.swift in Sources */,
				24CC4B1527F80330001BDFA1 /* SignUp.swift in Sources */,
				24CC4AE427F57B7A001BDFA1 /* Constant.swift in Sources */,
				24CC4AE227F579FA001BDFA1 /* UIViewController.swift in Sources */,
				2425FB8A27F93A5C0062E597 /* AnnouncementService.swift in Sources */,
				24CC4AFE27F705EA001BDFA1 /* AuthViewController.swift in Sources */,
				24CC4B1927F808B9001BDFA1 /* TermService.swift in Sources */,
				24CC4AB027F553ED001BDFA1 /* UIFont.swift in Sources */,
				2425FB8127F810A00062E597 /* Announcemnet.swift in Sources */,
				24CC4AE727F5A9CA001BDFA1 /* VerificationService.swift in Sources */,
				24CC4AEF27F5BC63001BDFA1 /* AllPolicy.swift in Sources */,
				2425FB9D27FFDFA20062E597 /* NoticeDetailViewController.swift in Sources */,
				24CC4ACE27F5720E001BDFA1 /* NetworkMonitor.swift in Sources */,
				24CC4ADD27F57605001BDFA1 /* CustomAlertViewController.swift in Sources */,
				24CC4B0B27F7CDE2001BDFA1 /* AuthService.swift in Sources */,
				24CC4A9327F551CA001BDFA1 /* SceneDelegate.swift in Sources */,
				24CC4AD727F57458001BDFA1 /* SplashViewController.swift in Sources */,
			);
			runOnlyForDeploymentPostprocessing = 0;
		};
/* End PBXSourcesBuildPhase section */

/* Begin PBXVariantGroup section */
		24CC4A9627F551CA001BDFA1 /* Main.storyboard */ = {
			isa = PBXVariantGroup;
			children = (
				24CC4A9727F551CA001BDFA1 /* Base */,
			);
			name = Main.storyboard;
			sourceTree = "<group>";
		};
		24CC4A9B27F551CB001BDFA1 /* LaunchScreen.storyboard */ = {
			isa = PBXVariantGroup;
			children = (
				24CC4A9C27F551CB001BDFA1 /* Base */,
			);
			name = LaunchScreen.storyboard;
			sourceTree = "<group>";
		};
/* End PBXVariantGroup section */

/* Begin XCBuildConfiguration section */
		24CC4A9F27F551CB001BDFA1 /* Debug */ = {
			isa = XCBuildConfiguration;
			buildSettings = {
				ALWAYS_SEARCH_USER_PATHS = NO;
				CLANG_ANALYZER_NONNULL = YES;
				CLANG_ANALYZER_NUMBER_OBJECT_CONVERSION = YES_AGGRESSIVE;
				CLANG_CXX_LANGUAGE_STANDARD = "gnu++17";
				CLANG_CXX_LIBRARY = "libc++";
				CLANG_ENABLE_MODULES = YES;
				CLANG_ENABLE_OBJC_ARC = YES;
				CLANG_ENABLE_OBJC_WEAK = YES;
				CLANG_WARN_BLOCK_CAPTURE_AUTORELEASING = YES;
				CLANG_WARN_BOOL_CONVERSION = YES;
				CLANG_WARN_COMMA = YES;
				CLANG_WARN_CONSTANT_CONVERSION = YES;
				CLANG_WARN_DEPRECATED_OBJC_IMPLEMENTATIONS = YES;
				CLANG_WARN_DIRECT_OBJC_ISA_USAGE = YES_ERROR;
				CLANG_WARN_DOCUMENTATION_COMMENTS = YES;
				CLANG_WARN_EMPTY_BODY = YES;
				CLANG_WARN_ENUM_CONVERSION = YES;
				CLANG_WARN_INFINITE_RECURSION = YES;
				CLANG_WARN_INT_CONVERSION = YES;
				CLANG_WARN_NON_LITERAL_NULL_CONVERSION = YES;
				CLANG_WARN_OBJC_IMPLICIT_RETAIN_SELF = YES;
				CLANG_WARN_OBJC_LITERAL_CONVERSION = YES;
				CLANG_WARN_OBJC_ROOT_CLASS = YES_ERROR;
				CLANG_WARN_QUOTED_INCLUDE_IN_FRAMEWORK_HEADER = YES;
				CLANG_WARN_RANGE_LOOP_ANALYSIS = YES;
				CLANG_WARN_STRICT_PROTOTYPES = YES;
				CLANG_WARN_SUSPICIOUS_MOVE = YES;
				CLANG_WARN_UNGUARDED_AVAILABILITY = YES_AGGRESSIVE;
				CLANG_WARN_UNREACHABLE_CODE = YES;
				CLANG_WARN__DUPLICATE_METHOD_MATCH = YES;
				COPY_PHASE_STRIP = NO;
				DEBUG_INFORMATION_FORMAT = dwarf;
				ENABLE_STRICT_OBJC_MSGSEND = YES;
				ENABLE_TESTABILITY = YES;
				GCC_C_LANGUAGE_STANDARD = gnu11;
				GCC_DYNAMIC_NO_PIC = NO;
				GCC_NO_COMMON_BLOCKS = YES;
				GCC_OPTIMIZATION_LEVEL = 0;
				GCC_PREPROCESSOR_DEFINITIONS = (
					"DEBUG=1",
					"$(inherited)",
				);
				GCC_WARN_64_TO_32_BIT_CONVERSION = YES;
				GCC_WARN_ABOUT_RETURN_TYPE = YES_ERROR;
				GCC_WARN_UNDECLARED_SELECTOR = YES;
				GCC_WARN_UNINITIALIZED_AUTOS = YES_AGGRESSIVE;
				GCC_WARN_UNUSED_FUNCTION = YES;
				GCC_WARN_UNUSED_VARIABLE = YES;
				IPHONEOS_DEPLOYMENT_TARGET = 13.0;
				MTL_ENABLE_DEBUG_INFO = INCLUDE_SOURCE;
				MTL_FAST_MATH = YES;
				ONLY_ACTIVE_ARCH = YES;
				SDKROOT = iphoneos;
				SWIFT_ACTIVE_COMPILATION_CONDITIONS = DEBUG;
				SWIFT_OPTIMIZATION_LEVEL = "-Onone";
			};
			name = Debug;
		};
		24CC4AA027F551CB001BDFA1 /* Release */ = {
			isa = XCBuildConfiguration;
			buildSettings = {
				ALWAYS_SEARCH_USER_PATHS = NO;
				CLANG_ANALYZER_NONNULL = YES;
				CLANG_ANALYZER_NUMBER_OBJECT_CONVERSION = YES_AGGRESSIVE;
				CLANG_CXX_LANGUAGE_STANDARD = "gnu++17";
				CLANG_CXX_LIBRARY = "libc++";
				CLANG_ENABLE_MODULES = YES;
				CLANG_ENABLE_OBJC_ARC = YES;
				CLANG_ENABLE_OBJC_WEAK = YES;
				CLANG_WARN_BLOCK_CAPTURE_AUTORELEASING = YES;
				CLANG_WARN_BOOL_CONVERSION = YES;
				CLANG_WARN_COMMA = YES;
				CLANG_WARN_CONSTANT_CONVERSION = YES;
				CLANG_WARN_DEPRECATED_OBJC_IMPLEMENTATIONS = YES;
				CLANG_WARN_DIRECT_OBJC_ISA_USAGE = YES_ERROR;
				CLANG_WARN_DOCUMENTATION_COMMENTS = YES;
				CLANG_WARN_EMPTY_BODY = YES;
				CLANG_WARN_ENUM_CONVERSION = YES;
				CLANG_WARN_INFINITE_RECURSION = YES;
				CLANG_WARN_INT_CONVERSION = YES;
				CLANG_WARN_NON_LITERAL_NULL_CONVERSION = YES;
				CLANG_WARN_OBJC_IMPLICIT_RETAIN_SELF = YES;
				CLANG_WARN_OBJC_LITERAL_CONVERSION = YES;
				CLANG_WARN_OBJC_ROOT_CLASS = YES_ERROR;
				CLANG_WARN_QUOTED_INCLUDE_IN_FRAMEWORK_HEADER = YES;
				CLANG_WARN_RANGE_LOOP_ANALYSIS = YES;
				CLANG_WARN_STRICT_PROTOTYPES = YES;
				CLANG_WARN_SUSPICIOUS_MOVE = YES;
				CLANG_WARN_UNGUARDED_AVAILABILITY = YES_AGGRESSIVE;
				CLANG_WARN_UNREACHABLE_CODE = YES;
				CLANG_WARN__DUPLICATE_METHOD_MATCH = YES;
				COPY_PHASE_STRIP = NO;
				DEBUG_INFORMATION_FORMAT = "dwarf-with-dsym";
				ENABLE_NS_ASSERTIONS = NO;
				ENABLE_STRICT_OBJC_MSGSEND = YES;
				GCC_C_LANGUAGE_STANDARD = gnu11;
				GCC_NO_COMMON_BLOCKS = YES;
				GCC_WARN_64_TO_32_BIT_CONVERSION = YES;
				GCC_WARN_ABOUT_RETURN_TYPE = YES_ERROR;
				GCC_WARN_UNDECLARED_SELECTOR = YES;
				GCC_WARN_UNINITIALIZED_AUTOS = YES_AGGRESSIVE;
				GCC_WARN_UNUSED_FUNCTION = YES;
				GCC_WARN_UNUSED_VARIABLE = YES;
				IPHONEOS_DEPLOYMENT_TARGET = 13.0;
				MTL_ENABLE_DEBUG_INFO = NO;
				MTL_FAST_MATH = YES;
				SDKROOT = iphoneos;
				SWIFT_COMPILATION_MODE = wholemodule;
				SWIFT_OPTIMIZATION_LEVEL = "-O";
				VALIDATE_PRODUCT = YES;
			};
			name = Release;
		};
		24CC4AA227F551CB001BDFA1 /* Debug */ = {
			isa = XCBuildConfiguration;
			baseConfigurationReference = 3CB04653FAB6734767AA1362 /* Pods-aedo-iOS.debug.xcconfig */;
			buildSettings = {
				ASSETCATALOG_COMPILER_APPICON_NAME = AppIcon;
				ASSETCATALOG_COMPILER_GLOBAL_ACCENT_COLOR_NAME = AccentColor;
				CODE_SIGN_STYLE = Automatic;
				CURRENT_PROJECT_VERSION = 1;
				DEVELOPMENT_TEAM = GZCWDPJJ9Z;
				GENERATE_INFOPLIST_FILE = YES;
				INFOPLIST_FILE = "aedo-iOS/Info.plist";
				INFOPLIST_KEY_NSCameraUsageDescription = "사진촬영을 위해 카메라 권한이 필요합니다.";
				INFOPLIST_KEY_NSLocationAlwaysAndWhenInUseUsageDescription = "위치 권한이 필요합니다.";
				INFOPLIST_KEY_NSLocationWhenInUseUsageDescription = "위치 권한이 필요합니다.";
				INFOPLIST_KEY_NSPhotoLibraryAddUsageDescription = "사진저장을 위해 앨범 접근권한이 필요합니다.";
				INFOPLIST_KEY_NSPhotoLibraryUsageDescription = "사진을 가져오기 위해 앨범 접근권한이 필요합니다.";
				INFOPLIST_KEY_UIApplicationSupportsIndirectInputEvents = YES;
				INFOPLIST_KEY_UILaunchStoryboardName = LaunchScreen;
				INFOPLIST_KEY_UIMainStoryboardFile = Main;
				INFOPLIST_KEY_UISupportedInterfaceOrientations = UIInterfaceOrientationPortrait;
				INFOPLIST_KEY_UISupportedInterfaceOrientations_iPad = "UIInterfaceOrientationPortrait UIInterfaceOrientationPortraitUpsideDown UIInterfaceOrientationLandscapeLeft UIInterfaceOrientationLandscapeRight";
				INFOPLIST_KEY_UISupportedInterfaceOrientations_iPhone = "UIInterfaceOrientationPortrait UIInterfaceOrientationLandscapeLeft UIInterfaceOrientationLandscapeRight";
				IPHONEOS_DEPLOYMENT_TARGET = 13.0;
				LD_RUNPATH_SEARCH_PATHS = (
					"$(inherited)",
					"@executable_path/Frameworks",
				);
				MARKETING_VERSION = 1.0;
				PRODUCT_BUNDLE_IDENTIFIER = "com.minseong.aedo-iOS";
				PRODUCT_NAME = "$(TARGET_NAME)";
				SWIFT_EMIT_LOC_STRINGS = YES;
				SWIFT_VERSION = 5.0;
				TARGETED_DEVICE_FAMILY = 1;
			};
			name = Debug;
		};
		24CC4AA327F551CB001BDFA1 /* Release */ = {
			isa = XCBuildConfiguration;
			baseConfigurationReference = 55F49DF30242C1A7C859A53F /* Pods-aedo-iOS.release.xcconfig */;
			buildSettings = {
				ASSETCATALOG_COMPILER_APPICON_NAME = AppIcon;
				ASSETCATALOG_COMPILER_GLOBAL_ACCENT_COLOR_NAME = AccentColor;
				CODE_SIGN_STYLE = Automatic;
				CURRENT_PROJECT_VERSION = 1;
				DEVELOPMENT_TEAM = GZCWDPJJ9Z;
				GENERATE_INFOPLIST_FILE = YES;
				INFOPLIST_FILE = "aedo-iOS/Info.plist";
				INFOPLIST_KEY_NSCameraUsageDescription = "사진촬영을 위해 카메라 권한이 필요합니다.";
				INFOPLIST_KEY_NSLocationAlwaysAndWhenInUseUsageDescription = "위치 권한이 필요합니다.";
				INFOPLIST_KEY_NSLocationWhenInUseUsageDescription = "위치 권한이 필요합니다.";
				INFOPLIST_KEY_NSPhotoLibraryAddUsageDescription = "사진저장을 위해 앨범 접근권한이 필요합니다.";
				INFOPLIST_KEY_NSPhotoLibraryUsageDescription = "사진을 가져오기 위해 앨범 접근권한이 필요합니다.";
				INFOPLIST_KEY_UIApplicationSupportsIndirectInputEvents = YES;
				INFOPLIST_KEY_UILaunchStoryboardName = LaunchScreen;
				INFOPLIST_KEY_UIMainStoryboardFile = Main;
				INFOPLIST_KEY_UISupportedInterfaceOrientations = UIInterfaceOrientationPortrait;
				INFOPLIST_KEY_UISupportedInterfaceOrientations_iPad = "UIInterfaceOrientationPortrait UIInterfaceOrientationPortraitUpsideDown UIInterfaceOrientationLandscapeLeft UIInterfaceOrientationLandscapeRight";
				INFOPLIST_KEY_UISupportedInterfaceOrientations_iPhone = "UIInterfaceOrientationPortrait UIInterfaceOrientationLandscapeLeft UIInterfaceOrientationLandscapeRight";
				IPHONEOS_DEPLOYMENT_TARGET = 13.0;
				LD_RUNPATH_SEARCH_PATHS = (
					"$(inherited)",
					"@executable_path/Frameworks",
				);
				MARKETING_VERSION = 1.0;
				PRODUCT_BUNDLE_IDENTIFIER = "com.minseong.aedo-iOS";
				PRODUCT_NAME = "$(TARGET_NAME)";
				SWIFT_EMIT_LOC_STRINGS = YES;
				SWIFT_VERSION = 5.0;
				TARGETED_DEVICE_FAMILY = 1;
			};
			name = Release;
		};
/* End XCBuildConfiguration section */

/* Begin XCConfigurationList section */
		24CC4A8827F551CA001BDFA1 /* Build configuration list for PBXProject "aedo-iOS" */ = {
			isa = XCConfigurationList;
			buildConfigurations = (
				24CC4A9F27F551CB001BDFA1 /* Debug */,
				24CC4AA027F551CB001BDFA1 /* Release */,
			);
			defaultConfigurationIsVisible = 0;
			defaultConfigurationName = Release;
		};
		24CC4AA127F551CB001BDFA1 /* Build configuration list for PBXNativeTarget "aedo-iOS" */ = {
			isa = XCConfigurationList;
			buildConfigurations = (
				24CC4AA227F551CB001BDFA1 /* Debug */,
				24CC4AA327F551CB001BDFA1 /* Release */,
			);
			defaultConfigurationIsVisible = 0;
			defaultConfigurationName = Release;
		};
/* End XCConfigurationList section */
	};
	rootObject = 24CC4A8527F551CA001BDFA1 /* Project object */;
}
